<?xml version="1.0" encoding="utf-8"?>
<Project ToolsVersion="4.0" xmlns="http://schemas.microsoft.com/developer/msbuild/2003">
  <ItemGroup>
    <Filter Include="Audio">
      <UniqueIdentifier>{71e282c4-0f73-4f34-a185-25fc46b875a2}</UniqueIdentifier>
    </Filter>
    <Filter Include="DL_Debug">
      <UniqueIdentifier>{ef4c33bc-7e36-47b8-98b4-30241f12dee3}</UniqueIdentifier>
    </Filter>
    <Filter Include="DL_Debug\Stackwalker">
      <UniqueIdentifier>{6941f055-4341-4b73-8c59-a22c7686aed0}</UniqueIdentifier>
    </Filter>
    <Filter Include="Audio\FMOD">
      <UniqueIdentifier>{30669959-0581-476d-8fdc-e33a1a89c1c6}</UniqueIdentifier>
    </Filter>
    <Filter Include="Input">
      <UniqueIdentifier>{d64210a5-c69a-459a-a99a-7a738661c2fc}</UniqueIdentifier>
    </Filter>
    <Filter Include="Math">
      <UniqueIdentifier>{f48fae8f-c60f-4d9a-8286-9dabe9642c41}</UniqueIdentifier>
    </Filter>
    <Filter Include="Timer">
      <UniqueIdentifier>{4da4396c-2b77-4a76-a9a9-6f116a1dd19e}</UniqueIdentifier>
    </Filter>
    <Filter Include="xml">
      <UniqueIdentifier>{28050ab8-3790-455c-9db0-7fb97d334691}</UniqueIdentifier>
    </Filter>
    <Filter Include="Camera">
      <UniqueIdentifier>{73f6c34e-d09f-4340-ae62-3dbacbcceb38}</UniqueIdentifier>
    </Filter>
    <Filter Include="Particles">
      <UniqueIdentifier>{a27e37a8-0849-499e-9d02-b9d8b02b6f6b}</UniqueIdentifier>
    </Filter>
    <Filter Include="Data Structures">
      <UniqueIdentifier>{f872b181-905b-4407-8520-fd18698ff24f}</UniqueIdentifier>
    </Filter>
    <Filter Include="Rendering">
      <UniqueIdentifier>{bcf49bff-0c5e-4dd8-bad0-49162217888d}</UniqueIdentifier>
    </Filter>
    <Filter Include="Threading">
      <UniqueIdentifier>{14a023c6-85fa-4b84-b144-8a724316d04e}</UniqueIdentifier>
    </Filter>
    <Filter Include="Math\Matrix">
      <UniqueIdentifier>{91e309f3-48b9-44b5-9184-c47888e9e46e}</UniqueIdentifier>
    </Filter>
    <Filter Include="Math\Vector">
      <UniqueIdentifier>{079b7eb8-8075-4f04-9a5b-ef77b395ae1e}</UniqueIdentifier>
    </Filter>
    <Filter Include="Math\Line">
      <UniqueIdentifier>{3a3a2405-4c48-41dd-a606-0e9964077b0c}</UniqueIdentifier>
    </Filter>
    <Filter Include="Math\Plane">
      <UniqueIdentifier>{6c71e1d0-65bb-411f-aab3-2b7f6c0a6030}</UniqueIdentifier>
    </Filter>
    <Filter Include="Math\Collision">
      <UniqueIdentifier>{d96e6ea5-6c2d-45c3-88c4-dc4189a6648a}</UniqueIdentifier>
    </Filter>
    <Filter Include="Misc">
      <UniqueIdentifier>{6dd7b9fb-e07c-41e2-b29c-33e29ca506a3}</UniqueIdentifier>
    </Filter>
  </ItemGroup>
  <ItemGroup>
    <ClCompile Include="CommonUtilities\Threading\ThreadPool\Threadpool.cpp">
      <Filter>Threading</Filter>
    </ClCompile>
    <ClCompile Include="CommonUtilities\Threading\ThreadPool\Work.cpp">
      <Filter>Threading</Filter>
    </ClCompile>
    <ClCompile Include="CommonUtilities\Threading\ThreadPool\Worker.cpp">
      <Filter>Threading</Filter>
    </ClCompile>
    <ClCompile Include="CommonUtilities\XML\tinyxml2.cpp">
      <Filter>xml</Filter>
    </ClCompile>
    <ClCompile Include="CommonUtilities\Camera\Camera2D.cpp">
      <Filter>Camera</Filter>
    </ClCompile>
    <ClCompile Include="CommonUtilities\DataStructures\Hashmap\Hash.cpp" />
    <ClCompile Include="CommonUtilities\Camera\Camera3D.cpp" />
    <ClCompile Include="CommonUtilities\XML\XMLReader.cpp" />
    <ClCompile Include="CommonUtilities\XML\XMLWriter.cpp" />
    <ClCompile Include="CommonUtilities\Misc\Megaton.cpp">
      <Filter>Misc</Filter>
    </ClCompile>
    <ClCompile Include="CommonUtilities\Math\Collision\Fov90Frustrum.cpp">
      <Filter>Math\Collision</Filter>
    </ClCompile>
    <ClCompile Include="CommonUtilities\Math\Collision\Intersection.cpp">
      <Filter>Math\Collision</Filter>
    </ClCompile>
  </ItemGroup>
  <ItemGroup>
    <ClInclude Include="CommonUtilities\DataStructures\GrowingArray.h">
      <Filter>Data Structures</Filter>
    </ClInclude>
    <ClInclude Include="CommonUtilities\DataStructures\StaticArray.h">
      <Filter>Data Structures</Filter>
    </ClInclude>
    <ClInclude Include="CommonUtilities\DataStructures\VectorOnStack.h">
      <Filter>Data Structures</Filter>
    </ClInclude>
    <ClInclude Include="CommonUtilities\Threading\ThreadPool\Threadpool.h">
      <Filter>Threading</Filter>
    </ClInclude>
    <ClInclude Include="CommonUtilities\Threading\ThreadPool\Work.h">
      <Filter>Threading</Filter>
    </ClInclude>
    <ClInclude Include="CommonUtilities\Threading\ThreadPool\Worker.h">
      <Filter>Threading</Filter>
    </ClInclude>
    <ClInclude Include="CommonUtilities\XML\tinyxml2.h">
      <Filter>xml</Filter>
    </ClInclude>
    <ClInclude Include="CommonUtilities\Misc\Global.h">
      <Filter>Misc</Filter>
    </ClInclude>
    <ClInclude Include="CommonUtilities\Camera\Camera2D.h">
      <Filter>Camera</Filter>
    </ClInclude>
    <ClInclude Include="CommonUtilities\DataStructures\Hashmap\Map.h" />
    <ClInclude Include="CommonUtilities\DataStructures\Hashmap\MurmurHash3.h" />
    <ClInclude Include="CommonUtilities\Camera\Camera3D.h" />
    <ClInclude Include="CommonUtilities\Camera\CameraMove.h" />
    <ClInclude Include="CommonUtilities\XML\XMLReader.h" />
    <ClInclude Include="CommonUtilities\XML\XMLWriter.h" />
    <ClInclude Include="CommonUtilities\Misc\Megaton.h">
      <Filter>Misc</Filter>
    </ClInclude>
    <ClInclude Include="CommonUtilities\Math\Collision\AABB.h">
      <Filter>Math\Collision</Filter>
    </ClInclude>
    <ClInclude Include="CommonUtilities\Math\Collision\Fov90Frustrum.h">
      <Filter>Math\Collision</Filter>
    </ClInclude>
    <ClInclude Include="CommonUtilities\Math\Collision\Intersection.h">
      <Filter>Math\Collision</Filter>
    </ClInclude>
    <ClInclude Include="CommonUtilities\Math\Collision\Sphere.h">
      <Filter>Math\Collision</Filter>
    </ClInclude>
    <ClInclude Include="CommonUtilities\Math\Line\Line.h">
      <Filter>Math\Line</Filter>
    </ClInclude>
    <ClInclude Include="CommonUtilities\Math\Line\LineSegment2D.h">
      <Filter>Math\Line</Filter>
    </ClInclude>
    <ClInclude Include="CommonUtilities\Math\Line\LineSegment3D.h">
      <Filter>Math\Line</Filter>
    </ClInclude>
    <ClInclude Include="CommonUtilities\Math\Line\LineVolume.h">
      <Filter>Math\Line</Filter>
    </ClInclude>
    <ClInclude Include="CommonUtilities\Math\Matrix\Matrix.h">
      <Filter>Math\Matrix</Filter>
    </ClInclude>
    <ClInclude Include="CommonUtilities\Math\Matrix\Matrix33.h">
      <Filter>Math\Matrix</Filter>
    </ClInclude>
    <ClInclude Include="CommonUtilities\Math\Matrix\Matrix33Decl.h">
      <Filter>Math\Matrix</Filter>
    </ClInclude>
    <ClInclude Include="CommonUtilities\Math\Matrix\Matrix44.h">
      <Filter>Math\Matrix</Filter>
    </ClInclude>
    <ClInclude Include="CommonUtilities\Math\Matrix\Matrix44Decl.h">
      <Filter>Math\Matrix</Filter>
    </ClInclude>
    <ClInclude Include="CommonUtilities\Math\Plane\Plane.h">
      <Filter>Math\Plane</Filter>
    </ClInclude>
    <ClInclude Include="CommonUtilities\Math\Plane\PlaneVolume.h">
      <Filter>Math\Plane</Filter>
    </ClInclude>
    <ClInclude Include="CommonUtilities\Math\Vector\Vector.h">
      <Filter>Math\Vector</Filter>
    </ClInclude>
    <ClInclude Include="CommonUtilities\Math\Vector\Vector2.h">
      <Filter>Math\Vector</Filter>
    </ClInclude>
    <ClInclude Include="CommonUtilities\Math\Vector\Vector2decl.h">
      <Filter>Math\Vector</Filter>
    </ClInclude>
    <ClInclude Include="CommonUtilities\Math\Vector\Vector3.h">
      <Filter>Math\Vector</Filter>
    </ClInclude>
    <ClInclude Include="CommonUtilities\Math\Vector\Vector3decl.h">
      <Filter>Math\Vector</Filter>
    </ClInclude>
    <ClInclude Include="CommonUtilities\Math\Vector\Vector4.h">
      <Filter>Math\Vector</Filter>
    </ClInclude>
    <ClInclude Include="CommonUtilities\Math\Vector\Vector4decl.h">
      <Filter>Math\Vector</Filter>
    </ClInclude>
    <ClInclude Include="CommonUtilities\DataStructures\Stack.h" />
  </ItemGroup>
</Project>