
Microsoft Visual Studio Solution File, Format Version 12.00
# Visual Studio 14
VisualStudioVersion = 14.0.25420.1
MinimumVisualStudioVersion = 10.0.40219.1
Project("{FAE04EC0-301F-11D3-BF4B-00C04F79EFBC}") = "LogReader", "LogReader.csproj", "{593F8D45-2C7B-488E-9593-71AEF643DCB4}"
EndProject
Global
	GlobalSection(SolutionConfigurationPlatforms) = preSolution
		Debug|Any CPU = Debug|Any CPU
		Release|Any CPU = Release|Any CPU
		VTUNE_Build|Any CPU = VTUNE_Build|Any CPU
	EndGlobalSection
	GlobalSection(ProjectConfigurationPlatforms) = postSolution
		{593F8D45-2C7B-488E-9593-71AEF643DCB4}.Debug|Any CPU.ActiveCfg = Debug|Any CPU
		{593F8D45-2C7B-488E-9593-71AEF643DCB4}.Debug|Any CPU.Build.0 = Debug|Any CPU
		{593F8D45-2C7B-488E-9593-71AEF643DCB4}.Release|Any CPU.ActiveCfg = Release|Any CPU
		{593F8D45-2C7B-488E-9593-71AEF643DCB4}.Release|Any CPU.Build.0 = Release|Any CPU
		{593F8D45-2C7B-488E-9593-71AEF643DCB4}.VTUNE_Build|Any CPU.ActiveCfg = VTUNE_Build|Any CPU
		{593F8D45-2C7B-488E-9593-71AEF643DCB4}.VTUNE_Build|Any CPU.Build.0 = VTUNE_Build|Any CPU
	EndGlobalSection
	GlobalSection(SolutionProperties) = preSolution
		HideSolutionNode = FALSE
	EndGlobalSection
EndGlobal
