
Microsoft Visual Studio Solution File, Format Version 12.00
# Visual Studio 14
VisualStudioVersion = 14.0.25420.1
MinimumVisualStudioVersion = 10.0.40219.1
Project("{8BC9CEB8-8B4A-11D0-8D11-00A0C91BC942}") = "Exe", "Exe\Exe.vcxproj", "{6ACCF96B-E605-496A-805B-CE6734420C6B}"
EndProject
Project("{8BC9CEB8-8B4A-11D0-8D11-00A0C91BC942}") = "Engine", "Engine\Engine.vcxproj", "{F6BFC4A9-1A8D-4564-B2A7-71A1ECBD78E7}"
EndProject
Project("{8BC9CEB8-8B4A-11D0-8D11-00A0C91BC942}") = "Application", "Application\Application.vcxproj", "{725D7493-FDC3-40AB-A98B-5AFE9093BF24}"
EndProject
Project("{8BC9CEB8-8B4A-11D0-8D11-00A0C91BC942}") = "DL_Debug", "DL_Debug\DL_Debug.vcxproj", "{D924F659-A78C-4B48-A76E-49600A883990}"
EndProject
Project("{8BC9CEB8-8B4A-11D0-8D11-00A0C91BC942}") = "CommonLib", "CommonLib\CommonLib.vcxproj", "{DBC8372D-E04F-4BBB-8964-12022ADCA9F6}"
EndProject
Project("{8BC9CEB8-8B4A-11D0-8D11-00A0C91BC942}") = "Timer", "Timer\Timer.vcxproj", "{969D7F97-C324-4E79-B073-12CE82554526}"
EndProject
Project("{8BC9CEB8-8B4A-11D0-8D11-00A0C91BC942}") = "Input", "Input\Input.vcxproj", "{BD22FF31-48A5-4061-AB37-17E68E058912}"
EndProject
Project("{8BC9CEB8-8B4A-11D0-8D11-00A0C91BC942}") = "PostMaster", "PostMaster\PostMaster.vcxproj", "{EF362EDC-8FFF-400B-A5FF-05A9BC551D65}"
EndProject
Project("{8BC9CEB8-8B4A-11D0-8D11-00A0C91BC942}") = "EntitySystem", "EntitySystem\EntitySystem.vcxproj", "{2FC680BF-8CB1-4F07-97D0-7B7871989B9E}"
EndProject
Project("{8BC9CEB8-8B4A-11D0-8D11-00A0C91BC942}") = "Physics", "Physics\Physics.vcxproj", "{0EB04AF7-D7CA-4D95-AC81-A62D84292A93}"
EndProject
Project("{8BC9CEB8-8B4A-11D0-8D11-00A0C91BC942}") = "network", "network\network.vcxproj", "{F98B4219-1F23-456A-AFD7-A5C39DE4784A}"
EndProject
Global
	GlobalSection(SolutionConfigurationPlatforms) = preSolution
		Debug|x64 = Debug|x64
		Debug|x86 = Debug|x86
		Editor|x64 = Editor|x64
		Editor|x86 = Editor|x86
		Final|x64 = Final|x64
		Final|x86 = Final|x86
		Game_Debug_Only|x64 = Game_Debug_Only|x64
		Game_Debug_Only|x86 = Game_Debug_Only|x86
		Profile|x64 = Profile|x64
		Profile|x86 = Profile|x86
		Release|x64 = Release|x64
		Release|x86 = Release|x86
	EndGlobalSection
	GlobalSection(ProjectConfigurationPlatforms) = postSolution
		{6ACCF96B-E605-496A-805B-CE6734420C6B}.Debug|x64.ActiveCfg = Debug|x64
		{6ACCF96B-E605-496A-805B-CE6734420C6B}.Debug|x64.Build.0 = Debug|x64
		{6ACCF96B-E605-496A-805B-CE6734420C6B}.Debug|x86.ActiveCfg = Debug|Win32
		{6ACCF96B-E605-496A-805B-CE6734420C6B}.Debug|x86.Build.0 = Debug|Win32
		{6ACCF96B-E605-496A-805B-CE6734420C6B}.Editor|x64.ActiveCfg = Editor|x64
		{6ACCF96B-E605-496A-805B-CE6734420C6B}.Editor|x64.Build.0 = Editor|x64
		{6ACCF96B-E605-496A-805B-CE6734420C6B}.Editor|x86.ActiveCfg = Editor|Win32
		{6ACCF96B-E605-496A-805B-CE6734420C6B}.Editor|x86.Build.0 = Editor|Win32
		{6ACCF96B-E605-496A-805B-CE6734420C6B}.Final|x64.ActiveCfg = Final|x64
		{6ACCF96B-E605-496A-805B-CE6734420C6B}.Final|x64.Build.0 = Final|x64
		{6ACCF96B-E605-496A-805B-CE6734420C6B}.Final|x86.ActiveCfg = Final|Win32
		{6ACCF96B-E605-496A-805B-CE6734420C6B}.Final|x86.Build.0 = Final|Win32
		{6ACCF96B-E605-496A-805B-CE6734420C6B}.Game_Debug_Only|x64.ActiveCfg = Release|x64
		{6ACCF96B-E605-496A-805B-CE6734420C6B}.Game_Debug_Only|x64.Build.0 = Release|x64
		{6ACCF96B-E605-496A-805B-CE6734420C6B}.Game_Debug_Only|x86.ActiveCfg = Release|Win32
		{6ACCF96B-E605-496A-805B-CE6734420C6B}.Game_Debug_Only|x86.Build.0 = Release|Win32
		{6ACCF96B-E605-496A-805B-CE6734420C6B}.Profile|x64.ActiveCfg = Profile|x64
		{6ACCF96B-E605-496A-805B-CE6734420C6B}.Profile|x64.Build.0 = Profile|x64
		{6ACCF96B-E605-496A-805B-CE6734420C6B}.Profile|x86.ActiveCfg = Profile|Win32
		{6ACCF96B-E605-496A-805B-CE6734420C6B}.Profile|x86.Build.0 = Profile|Win32
		{6ACCF96B-E605-496A-805B-CE6734420C6B}.Release|x64.ActiveCfg = Release|x64
		{6ACCF96B-E605-496A-805B-CE6734420C6B}.Release|x64.Build.0 = Release|x64
		{6ACCF96B-E605-496A-805B-CE6734420C6B}.Release|x86.ActiveCfg = Release|Win32
		{6ACCF96B-E605-496A-805B-CE6734420C6B}.Release|x86.Build.0 = Release|Win32
		{F6BFC4A9-1A8D-4564-B2A7-71A1ECBD78E7}.Debug|x64.ActiveCfg = Debug|x64
		{F6BFC4A9-1A8D-4564-B2A7-71A1ECBD78E7}.Debug|x64.Build.0 = Debug|x64
		{F6BFC4A9-1A8D-4564-B2A7-71A1ECBD78E7}.Debug|x86.ActiveCfg = Debug|Win32
		{F6BFC4A9-1A8D-4564-B2A7-71A1ECBD78E7}.Debug|x86.Build.0 = Debug|Win32
		{F6BFC4A9-1A8D-4564-B2A7-71A1ECBD78E7}.Editor|x64.ActiveCfg = Editor|x64
		{F6BFC4A9-1A8D-4564-B2A7-71A1ECBD78E7}.Editor|x64.Build.0 = Editor|x64
		{F6BFC4A9-1A8D-4564-B2A7-71A1ECBD78E7}.Editor|x86.ActiveCfg = Editor|Win32
		{F6BFC4A9-1A8D-4564-B2A7-71A1ECBD78E7}.Editor|x86.Build.0 = Editor|Win32
		{F6BFC4A9-1A8D-4564-B2A7-71A1ECBD78E7}.Final|x64.ActiveCfg = Final|x64
		{F6BFC4A9-1A8D-4564-B2A7-71A1ECBD78E7}.Final|x64.Build.0 = Final|x64
		{F6BFC4A9-1A8D-4564-B2A7-71A1ECBD78E7}.Final|x86.ActiveCfg = Final|Win32
		{F6BFC4A9-1A8D-4564-B2A7-71A1ECBD78E7}.Final|x86.Build.0 = Final|Win32
		{F6BFC4A9-1A8D-4564-B2A7-71A1ECBD78E7}.Game_Debug_Only|x64.ActiveCfg = Release|x64
		{F6BFC4A9-1A8D-4564-B2A7-71A1ECBD78E7}.Game_Debug_Only|x64.Build.0 = Release|x64
		{F6BFC4A9-1A8D-4564-B2A7-71A1ECBD78E7}.Game_Debug_Only|x86.ActiveCfg = Release|Win32
		{F6BFC4A9-1A8D-4564-B2A7-71A1ECBD78E7}.Game_Debug_Only|x86.Build.0 = Release|Win32
		{F6BFC4A9-1A8D-4564-B2A7-71A1ECBD78E7}.Profile|x64.ActiveCfg = Profile|x64
		{F6BFC4A9-1A8D-4564-B2A7-71A1ECBD78E7}.Profile|x64.Build.0 = Profile|x64
		{F6BFC4A9-1A8D-4564-B2A7-71A1ECBD78E7}.Profile|x86.ActiveCfg = Profile|Win32
		{F6BFC4A9-1A8D-4564-B2A7-71A1ECBD78E7}.Profile|x86.Build.0 = Profile|Win32
		{F6BFC4A9-1A8D-4564-B2A7-71A1ECBD78E7}.Release|x64.ActiveCfg = Release|x64
		{F6BFC4A9-1A8D-4564-B2A7-71A1ECBD78E7}.Release|x64.Build.0 = Release|x64
		{F6BFC4A9-1A8D-4564-B2A7-71A1ECBD78E7}.Release|x86.ActiveCfg = Release|Win32
		{F6BFC4A9-1A8D-4564-B2A7-71A1ECBD78E7}.Release|x86.Build.0 = Release|Win32
		{725D7493-FDC3-40AB-A98B-5AFE9093BF24}.Debug|x64.ActiveCfg = Debug|x64
		{725D7493-FDC3-40AB-A98B-5AFE9093BF24}.Debug|x64.Build.0 = Debug|x64
		{725D7493-FDC3-40AB-A98B-5AFE9093BF24}.Debug|x86.ActiveCfg = Debug|Win32
		{725D7493-FDC3-40AB-A98B-5AFE9093BF24}.Debug|x86.Build.0 = Debug|Win32
		{725D7493-FDC3-40AB-A98B-5AFE9093BF24}.Editor|x64.ActiveCfg = Editor|x64
		{725D7493-FDC3-40AB-A98B-5AFE9093BF24}.Editor|x64.Build.0 = Editor|x64
		{725D7493-FDC3-40AB-A98B-5AFE9093BF24}.Editor|x86.ActiveCfg = Editor|Win32
		{725D7493-FDC3-40AB-A98B-5AFE9093BF24}.Editor|x86.Build.0 = Editor|Win32
		{725D7493-FDC3-40AB-A98B-5AFE9093BF24}.Final|x64.ActiveCfg = Final|x64
		{725D7493-FDC3-40AB-A98B-5AFE9093BF24}.Final|x64.Build.0 = Final|x64
		{725D7493-FDC3-40AB-A98B-5AFE9093BF24}.Final|x86.ActiveCfg = Final|Win32
		{725D7493-FDC3-40AB-A98B-5AFE9093BF24}.Final|x86.Build.0 = Final|Win32
		{725D7493-FDC3-40AB-A98B-5AFE9093BF24}.Game_Debug_Only|x64.ActiveCfg = Release|x64
		{725D7493-FDC3-40AB-A98B-5AFE9093BF24}.Game_Debug_Only|x64.Build.0 = Release|x64
		{725D7493-FDC3-40AB-A98B-5AFE9093BF24}.Game_Debug_Only|x86.ActiveCfg = Release|Win32
		{725D7493-FDC3-40AB-A98B-5AFE9093BF24}.Game_Debug_Only|x86.Build.0 = Release|Win32
		{725D7493-FDC3-40AB-A98B-5AFE9093BF24}.Profile|x64.ActiveCfg = Profile|x64
		{725D7493-FDC3-40AB-A98B-5AFE9093BF24}.Profile|x64.Build.0 = Profile|x64
		{725D7493-FDC3-40AB-A98B-5AFE9093BF24}.Profile|x86.ActiveCfg = Profile|Win32
		{725D7493-FDC3-40AB-A98B-5AFE9093BF24}.Profile|x86.Build.0 = Profile|Win32
		{725D7493-FDC3-40AB-A98B-5AFE9093BF24}.Release|x64.ActiveCfg = Release|x64
		{725D7493-FDC3-40AB-A98B-5AFE9093BF24}.Release|x64.Build.0 = Release|x64
		{725D7493-FDC3-40AB-A98B-5AFE9093BF24}.Release|x86.ActiveCfg = Release|Win32
		{725D7493-FDC3-40AB-A98B-5AFE9093BF24}.Release|x86.Build.0 = Release|Win32
		{D924F659-A78C-4B48-A76E-49600A883990}.Debug|x64.ActiveCfg = Debug|x64
		{D924F659-A78C-4B48-A76E-49600A883990}.Debug|x64.Build.0 = Debug|x64
		{D924F659-A78C-4B48-A76E-49600A883990}.Debug|x86.ActiveCfg = Debug|Win32
		{D924F659-A78C-4B48-A76E-49600A883990}.Debug|x86.Build.0 = Debug|Win32
		{D924F659-A78C-4B48-A76E-49600A883990}.Editor|x64.ActiveCfg = Editor|x64
		{D924F659-A78C-4B48-A76E-49600A883990}.Editor|x64.Build.0 = Editor|x64
		{D924F659-A78C-4B48-A76E-49600A883990}.Editor|x86.ActiveCfg = Editor|Win32
		{D924F659-A78C-4B48-A76E-49600A883990}.Editor|x86.Build.0 = Editor|Win32
		{D924F659-A78C-4B48-A76E-49600A883990}.Final|x64.ActiveCfg = Final|x64
		{D924F659-A78C-4B48-A76E-49600A883990}.Final|x64.Build.0 = Final|x64
		{D924F659-A78C-4B48-A76E-49600A883990}.Final|x86.ActiveCfg = Final|Win32
		{D924F659-A78C-4B48-A76E-49600A883990}.Final|x86.Build.0 = Final|Win32
		{D924F659-A78C-4B48-A76E-49600A883990}.Game_Debug_Only|x64.ActiveCfg = Release|x64
		{D924F659-A78C-4B48-A76E-49600A883990}.Game_Debug_Only|x64.Build.0 = Release|x64
		{D924F659-A78C-4B48-A76E-49600A883990}.Game_Debug_Only|x86.ActiveCfg = Release|Win32
		{D924F659-A78C-4B48-A76E-49600A883990}.Game_Debug_Only|x86.Build.0 = Release|Win32
		{D924F659-A78C-4B48-A76E-49600A883990}.Profile|x64.ActiveCfg = Profile|x64
		{D924F659-A78C-4B48-A76E-49600A883990}.Profile|x64.Build.0 = Profile|x64
		{D924F659-A78C-4B48-A76E-49600A883990}.Profile|x86.ActiveCfg = Profile|Win32
		{D924F659-A78C-4B48-A76E-49600A883990}.Profile|x86.Build.0 = Profile|Win32
		{D924F659-A78C-4B48-A76E-49600A883990}.Release|x64.ActiveCfg = Release|x64
		{D924F659-A78C-4B48-A76E-49600A883990}.Release|x64.Build.0 = Release|x64
		{D924F659-A78C-4B48-A76E-49600A883990}.Release|x86.ActiveCfg = Release|Win32
		{D924F659-A78C-4B48-A76E-49600A883990}.Release|x86.Build.0 = Release|Win32
		{DBC8372D-E04F-4BBB-8964-12022ADCA9F6}.Debug|x64.ActiveCfg = Debug|x64
		{DBC8372D-E04F-4BBB-8964-12022ADCA9F6}.Debug|x64.Build.0 = Debug|x64
		{DBC8372D-E04F-4BBB-8964-12022ADCA9F6}.Debug|x86.ActiveCfg = Debug|Win32
		{DBC8372D-E04F-4BBB-8964-12022ADCA9F6}.Debug|x86.Build.0 = Debug|Win32
		{DBC8372D-E04F-4BBB-8964-12022ADCA9F6}.Editor|x64.ActiveCfg = Editor|x64
		{DBC8372D-E04F-4BBB-8964-12022ADCA9F6}.Editor|x64.Build.0 = Editor|x64
		{DBC8372D-E04F-4BBB-8964-12022ADCA9F6}.Editor|x86.ActiveCfg = Editor|Win32
		{DBC8372D-E04F-4BBB-8964-12022ADCA9F6}.Editor|x86.Build.0 = Editor|Win32
		{DBC8372D-E04F-4BBB-8964-12022ADCA9F6}.Final|x64.ActiveCfg = Final|x64
		{DBC8372D-E04F-4BBB-8964-12022ADCA9F6}.Final|x64.Build.0 = Final|x64
		{DBC8372D-E04F-4BBB-8964-12022ADCA9F6}.Final|x86.ActiveCfg = Final|Win32
		{DBC8372D-E04F-4BBB-8964-12022ADCA9F6}.Final|x86.Build.0 = Final|Win32
		{DBC8372D-E04F-4BBB-8964-12022ADCA9F6}.Game_Debug_Only|x64.ActiveCfg = Release|x64
		{DBC8372D-E04F-4BBB-8964-12022ADCA9F6}.Game_Debug_Only|x64.Build.0 = Release|x64
		{DBC8372D-E04F-4BBB-8964-12022ADCA9F6}.Game_Debug_Only|x86.ActiveCfg = Release|Win32
		{DBC8372D-E04F-4BBB-8964-12022ADCA9F6}.Game_Debug_Only|x86.Build.0 = Release|Win32
		{DBC8372D-E04F-4BBB-8964-12022ADCA9F6}.Profile|x64.ActiveCfg = Profile|x64
		{DBC8372D-E04F-4BBB-8964-12022ADCA9F6}.Profile|x64.Build.0 = Profile|x64
		{DBC8372D-E04F-4BBB-8964-12022ADCA9F6}.Profile|x86.ActiveCfg = Profile|Win32
		{DBC8372D-E04F-4BBB-8964-12022ADCA9F6}.Profile|x86.Build.0 = Profile|Win32
		{DBC8372D-E04F-4BBB-8964-12022ADCA9F6}.Release|x64.ActiveCfg = Release|x64
		{DBC8372D-E04F-4BBB-8964-12022ADCA9F6}.Release|x64.Build.0 = Release|x64
		{DBC8372D-E04F-4BBB-8964-12022ADCA9F6}.Release|x86.ActiveCfg = Release|Win32
		{DBC8372D-E04F-4BBB-8964-12022ADCA9F6}.Release|x86.Build.0 = Release|Win32
		{969D7F97-C324-4E79-B073-12CE82554526}.Debug|x64.ActiveCfg = Debug|x64
		{969D7F97-C324-4E79-B073-12CE82554526}.Debug|x64.Build.0 = Debug|x64
		{969D7F97-C324-4E79-B073-12CE82554526}.Debug|x86.ActiveCfg = Debug|Win32
		{969D7F97-C324-4E79-B073-12CE82554526}.Debug|x86.Build.0 = Debug|Win32
		{969D7F97-C324-4E79-B073-12CE82554526}.Editor|x64.ActiveCfg = Editor|x64
		{969D7F97-C324-4E79-B073-12CE82554526}.Editor|x64.Build.0 = Editor|x64
		{969D7F97-C324-4E79-B073-12CE82554526}.Editor|x86.ActiveCfg = Editor|Win32
		{969D7F97-C324-4E79-B073-12CE82554526}.Editor|x86.Build.0 = Editor|Win32
		{969D7F97-C324-4E79-B073-12CE82554526}.Final|x64.ActiveCfg = Final|x64
		{969D7F97-C324-4E79-B073-12CE82554526}.Final|x64.Build.0 = Final|x64
		{969D7F97-C324-4E79-B073-12CE82554526}.Final|x86.ActiveCfg = Final|Win32
		{969D7F97-C324-4E79-B073-12CE82554526}.Final|x86.Build.0 = Final|Win32
		{969D7F97-C324-4E79-B073-12CE82554526}.Game_Debug_Only|x64.ActiveCfg = Release|x64
		{969D7F97-C324-4E79-B073-12CE82554526}.Game_Debug_Only|x64.Build.0 = Release|x64
		{969D7F97-C324-4E79-B073-12CE82554526}.Game_Debug_Only|x86.ActiveCfg = Release|Win32
		{969D7F97-C324-4E79-B073-12CE82554526}.Game_Debug_Only|x86.Build.0 = Release|Win32
		{969D7F97-C324-4E79-B073-12CE82554526}.Profile|x64.ActiveCfg = Profile|x64
		{969D7F97-C324-4E79-B073-12CE82554526}.Profile|x64.Build.0 = Profile|x64
		{969D7F97-C324-4E79-B073-12CE82554526}.Profile|x86.ActiveCfg = Profile|Win32
		{969D7F97-C324-4E79-B073-12CE82554526}.Profile|x86.Build.0 = Profile|Win32
		{969D7F97-C324-4E79-B073-12CE82554526}.Release|x64.ActiveCfg = Release|x64
		{969D7F97-C324-4E79-B073-12CE82554526}.Release|x64.Build.0 = Release|x64
		{969D7F97-C324-4E79-B073-12CE82554526}.Release|x86.ActiveCfg = Release|Win32
		{969D7F97-C324-4E79-B073-12CE82554526}.Release|x86.Build.0 = Release|Win32
		{BD22FF31-48A5-4061-AB37-17E68E058912}.Debug|x64.ActiveCfg = Debug|x64
		{BD22FF31-48A5-4061-AB37-17E68E058912}.Debug|x64.Build.0 = Debug|x64
		{BD22FF31-48A5-4061-AB37-17E68E058912}.Debug|x86.ActiveCfg = Debug|Win32
		{BD22FF31-48A5-4061-AB37-17E68E058912}.Debug|x86.Build.0 = Debug|Win32
		{BD22FF31-48A5-4061-AB37-17E68E058912}.Editor|x64.ActiveCfg = Editor|x64
		{BD22FF31-48A5-4061-AB37-17E68E058912}.Editor|x64.Build.0 = Editor|x64
		{BD22FF31-48A5-4061-AB37-17E68E058912}.Editor|x86.ActiveCfg = Editor|Win32
		{BD22FF31-48A5-4061-AB37-17E68E058912}.Editor|x86.Build.0 = Editor|Win32
		{BD22FF31-48A5-4061-AB37-17E68E058912}.Final|x64.ActiveCfg = Final|x64
		{BD22FF31-48A5-4061-AB37-17E68E058912}.Final|x64.Build.0 = Final|x64
		{BD22FF31-48A5-4061-AB37-17E68E058912}.Final|x86.ActiveCfg = Final|Win32
		{BD22FF31-48A5-4061-AB37-17E68E058912}.Final|x86.Build.0 = Final|Win32
		{BD22FF31-48A5-4061-AB37-17E68E058912}.Game_Debug_Only|x64.ActiveCfg = Release|x64
		{BD22FF31-48A5-4061-AB37-17E68E058912}.Game_Debug_Only|x64.Build.0 = Release|x64
		{BD22FF31-48A5-4061-AB37-17E68E058912}.Game_Debug_Only|x86.ActiveCfg = Release|Win32
		{BD22FF31-48A5-4061-AB37-17E68E058912}.Game_Debug_Only|x86.Build.0 = Release|Win32
		{BD22FF31-48A5-4061-AB37-17E68E058912}.Profile|x64.ActiveCfg = Profile|x64
		{BD22FF31-48A5-4061-AB37-17E68E058912}.Profile|x64.Build.0 = Profile|x64
		{BD22FF31-48A5-4061-AB37-17E68E058912}.Profile|x86.ActiveCfg = Profile|Win32
		{BD22FF31-48A5-4061-AB37-17E68E058912}.Profile|x86.Build.0 = Profile|Win32
		{BD22FF31-48A5-4061-AB37-17E68E058912}.Release|x64.ActiveCfg = Release|x64
		{BD22FF31-48A5-4061-AB37-17E68E058912}.Release|x64.Build.0 = Release|x64
		{BD22FF31-48A5-4061-AB37-17E68E058912}.Release|x86.ActiveCfg = Release|Win32
		{BD22FF31-48A5-4061-AB37-17E68E058912}.Release|x86.Build.0 = Release|Win32
		{EF362EDC-8FFF-400B-A5FF-05A9BC551D65}.Debug|x64.ActiveCfg = Debug|x64
		{EF362EDC-8FFF-400B-A5FF-05A9BC551D65}.Debug|x64.Build.0 = Debug|x64
		{EF362EDC-8FFF-400B-A5FF-05A9BC551D65}.Debug|x86.ActiveCfg = Debug|Win32
		{EF362EDC-8FFF-400B-A5FF-05A9BC551D65}.Debug|x86.Build.0 = Debug|Win32
		{EF362EDC-8FFF-400B-A5FF-05A9BC551D65}.Editor|x64.ActiveCfg = Editor|x64
		{EF362EDC-8FFF-400B-A5FF-05A9BC551D65}.Editor|x64.Build.0 = Editor|x64
		{EF362EDC-8FFF-400B-A5FF-05A9BC551D65}.Editor|x86.ActiveCfg = Editor|Win32
		{EF362EDC-8FFF-400B-A5FF-05A9BC551D65}.Editor|x86.Build.0 = Editor|Win32
		{EF362EDC-8FFF-400B-A5FF-05A9BC551D65}.Final|x64.ActiveCfg = Final|x64
		{EF362EDC-8FFF-400B-A5FF-05A9BC551D65}.Final|x64.Build.0 = Final|x64
		{EF362EDC-8FFF-400B-A5FF-05A9BC551D65}.Final|x86.ActiveCfg = Final|Win32
		{EF362EDC-8FFF-400B-A5FF-05A9BC551D65}.Final|x86.Build.0 = Final|Win32
		{EF362EDC-8FFF-400B-A5FF-05A9BC551D65}.Game_Debug_Only|x64.ActiveCfg = Release|x64
		{EF362EDC-8FFF-400B-A5FF-05A9BC551D65}.Game_Debug_Only|x64.Build.0 = Release|x64
		{EF362EDC-8FFF-400B-A5FF-05A9BC551D65}.Game_Debug_Only|x86.ActiveCfg = Release|Win32
		{EF362EDC-8FFF-400B-A5FF-05A9BC551D65}.Game_Debug_Only|x86.Build.0 = Release|Win32
		{EF362EDC-8FFF-400B-A5FF-05A9BC551D65}.Profile|x64.ActiveCfg = Profile|x64
		{EF362EDC-8FFF-400B-A5FF-05A9BC551D65}.Profile|x64.Build.0 = Profile|x64
		{EF362EDC-8FFF-400B-A5FF-05A9BC551D65}.Profile|x86.ActiveCfg = Profile|Win32
		{EF362EDC-8FFF-400B-A5FF-05A9BC551D65}.Profile|x86.Build.0 = Profile|Win32
		{EF362EDC-8FFF-400B-A5FF-05A9BC551D65}.Release|x64.ActiveCfg = Release|x64
		{EF362EDC-8FFF-400B-A5FF-05A9BC551D65}.Release|x64.Build.0 = Release|x64
		{EF362EDC-8FFF-400B-A5FF-05A9BC551D65}.Release|x86.ActiveCfg = Release|Win32
		{EF362EDC-8FFF-400B-A5FF-05A9BC551D65}.Release|x86.Build.0 = Release|Win32
		{2FC680BF-8CB1-4F07-97D0-7B7871989B9E}.Debug|x64.ActiveCfg = Debug|x64
		{2FC680BF-8CB1-4F07-97D0-7B7871989B9E}.Debug|x64.Build.0 = Debug|x64
		{2FC680BF-8CB1-4F07-97D0-7B7871989B9E}.Debug|x86.ActiveCfg = Debug|Win32
		{2FC680BF-8CB1-4F07-97D0-7B7871989B9E}.Debug|x86.Build.0 = Debug|Win32
		{2FC680BF-8CB1-4F07-97D0-7B7871989B9E}.Editor|x64.ActiveCfg = Editor|x64
		{2FC680BF-8CB1-4F07-97D0-7B7871989B9E}.Editor|x64.Build.0 = Editor|x64
		{2FC680BF-8CB1-4F07-97D0-7B7871989B9E}.Editor|x86.ActiveCfg = Editor|Win32
		{2FC680BF-8CB1-4F07-97D0-7B7871989B9E}.Editor|x86.Build.0 = Editor|Win32
		{2FC680BF-8CB1-4F07-97D0-7B7871989B9E}.Final|x64.ActiveCfg = Final|x64
		{2FC680BF-8CB1-4F07-97D0-7B7871989B9E}.Final|x64.Build.0 = Final|x64
		{2FC680BF-8CB1-4F07-97D0-7B7871989B9E}.Final|x86.ActiveCfg = Final|Win32
		{2FC680BF-8CB1-4F07-97D0-7B7871989B9E}.Final|x86.Build.0 = Final|Win32
		{2FC680BF-8CB1-4F07-97D0-7B7871989B9E}.Game_Debug_Only|x64.ActiveCfg = Release|x64
		{2FC680BF-8CB1-4F07-97D0-7B7871989B9E}.Game_Debug_Only|x64.Build.0 = Release|x64
		{2FC680BF-8CB1-4F07-97D0-7B7871989B9E}.Game_Debug_Only|x86.ActiveCfg = Release|Win32
		{2FC680BF-8CB1-4F07-97D0-7B7871989B9E}.Game_Debug_Only|x86.Build.0 = Release|Win32
		{2FC680BF-8CB1-4F07-97D0-7B7871989B9E}.Profile|x64.ActiveCfg = Profile|x64
		{2FC680BF-8CB1-4F07-97D0-7B7871989B9E}.Profile|x64.Build.0 = Profile|x64
		{2FC680BF-8CB1-4F07-97D0-7B7871989B9E}.Profile|x86.ActiveCfg = Profile|Win32
		{2FC680BF-8CB1-4F07-97D0-7B7871989B9E}.Profile|x86.Build.0 = Profile|Win32
		{2FC680BF-8CB1-4F07-97D0-7B7871989B9E}.Release|x64.ActiveCfg = Release|x64
		{2FC680BF-8CB1-4F07-97D0-7B7871989B9E}.Release|x64.Build.0 = Release|x64
		{2FC680BF-8CB1-4F07-97D0-7B7871989B9E}.Release|x86.ActiveCfg = Release|Win32
		{2FC680BF-8CB1-4F07-97D0-7B7871989B9E}.Release|x86.Build.0 = Release|Win32
		{0EB04AF7-D7CA-4D95-AC81-A62D84292A93}.Debug|x64.ActiveCfg = Debug|x64
		{0EB04AF7-D7CA-4D95-AC81-A62D84292A93}.Debug|x64.Build.0 = Debug|x64
		{0EB04AF7-D7CA-4D95-AC81-A62D84292A93}.Debug|x86.ActiveCfg = Debug|Win32
		{0EB04AF7-D7CA-4D95-AC81-A62D84292A93}.Debug|x86.Build.0 = Debug|Win32
		{0EB04AF7-D7CA-4D95-AC81-A62D84292A93}.Editor|x64.ActiveCfg = Editor|x64
		{0EB04AF7-D7CA-4D95-AC81-A62D84292A93}.Editor|x64.Build.0 = Editor|x64
		{0EB04AF7-D7CA-4D95-AC81-A62D84292A93}.Editor|x86.ActiveCfg = Editor|Win32
		{0EB04AF7-D7CA-4D95-AC81-A62D84292A93}.Editor|x86.Build.0 = Editor|Win32
		{0EB04AF7-D7CA-4D95-AC81-A62D84292A93}.Final|x64.ActiveCfg = Final|x64
		{0EB04AF7-D7CA-4D95-AC81-A62D84292A93}.Final|x64.Build.0 = Final|x64
		{0EB04AF7-D7CA-4D95-AC81-A62D84292A93}.Final|x86.ActiveCfg = Final|Win32
		{0EB04AF7-D7CA-4D95-AC81-A62D84292A93}.Final|x86.Build.0 = Final|Win32
		{0EB04AF7-D7CA-4D95-AC81-A62D84292A93}.Game_Debug_Only|x64.ActiveCfg = Release|x64
		{0EB04AF7-D7CA-4D95-AC81-A62D84292A93}.Game_Debug_Only|x64.Build.0 = Release|x64
		{0EB04AF7-D7CA-4D95-AC81-A62D84292A93}.Game_Debug_Only|x86.ActiveCfg = Release|Win32
		{0EB04AF7-D7CA-4D95-AC81-A62D84292A93}.Game_Debug_Only|x86.Build.0 = Release|Win32
		{0EB04AF7-D7CA-4D95-AC81-A62D84292A93}.Profile|x64.ActiveCfg = Profile|x64
		{0EB04AF7-D7CA-4D95-AC81-A62D84292A93}.Profile|x64.Build.0 = Profile|x64
		{0EB04AF7-D7CA-4D95-AC81-A62D84292A93}.Profile|x86.ActiveCfg = Profile|Win32
		{0EB04AF7-D7CA-4D95-AC81-A62D84292A93}.Profile|x86.Build.0 = Profile|Win32
		{0EB04AF7-D7CA-4D95-AC81-A62D84292A93}.Release|x64.ActiveCfg = Release|x64
		{0EB04AF7-D7CA-4D95-AC81-A62D84292A93}.Release|x64.Build.0 = Release|x64
		{0EB04AF7-D7CA-4D95-AC81-A62D84292A93}.Release|x86.ActiveCfg = Release|Win32
		{0EB04AF7-D7CA-4D95-AC81-A62D84292A93}.Release|x86.Build.0 = Release|Win32
		{F98B4219-1F23-456A-AFD7-A5C39DE4784A}.Debug|x64.ActiveCfg = Debug|x64
		{F98B4219-1F23-456A-AFD7-A5C39DE4784A}.Debug|x64.Build.0 = Debug|x64
		{F98B4219-1F23-456A-AFD7-A5C39DE4784A}.Debug|x86.ActiveCfg = Debug|Win32
		{F98B4219-1F23-456A-AFD7-A5C39DE4784A}.Debug|x86.Build.0 = Debug|Win32
		{F98B4219-1F23-456A-AFD7-A5C39DE4784A}.Editor|x64.ActiveCfg = Release|x64
		{F98B4219-1F23-456A-AFD7-A5C39DE4784A}.Editor|x64.Build.0 = Release|x64
		{F98B4219-1F23-456A-AFD7-A5C39DE4784A}.Editor|x86.ActiveCfg = Release|Win32
		{F98B4219-1F23-456A-AFD7-A5C39DE4784A}.Editor|x86.Build.0 = Release|Win32
		{F98B4219-1F23-456A-AFD7-A5C39DE4784A}.Final|x64.ActiveCfg = Release|x64
		{F98B4219-1F23-456A-AFD7-A5C39DE4784A}.Final|x64.Build.0 = Release|x64
		{F98B4219-1F23-456A-AFD7-A5C39DE4784A}.Final|x86.ActiveCfg = Release|Win32
		{F98B4219-1F23-456A-AFD7-A5C39DE4784A}.Final|x86.Build.0 = Release|Win32
		{F98B4219-1F23-456A-AFD7-A5C39DE4784A}.Game_Debug_Only|x64.ActiveCfg = Debug|x64
		{F98B4219-1F23-456A-AFD7-A5C39DE4784A}.Game_Debug_Only|x64.Build.0 = Debug|x64
		{F98B4219-1F23-456A-AFD7-A5C39DE4784A}.Game_Debug_Only|x86.ActiveCfg = Debug|Win32
		{F98B4219-1F23-456A-AFD7-A5C39DE4784A}.Game_Debug_Only|x86.Build.0 = Debug|Win32
		{F98B4219-1F23-456A-AFD7-A5C39DE4784A}.Profile|x64.ActiveCfg = Release|x64
		{F98B4219-1F23-456A-AFD7-A5C39DE4784A}.Profile|x64.Build.0 = Release|x64
		{F98B4219-1F23-456A-AFD7-A5C39DE4784A}.Profile|x86.ActiveCfg = Release|Win32
		{F98B4219-1F23-456A-AFD7-A5C39DE4784A}.Profile|x86.Build.0 = Release|Win32
		{F98B4219-1F23-456A-AFD7-A5C39DE4784A}.Release|x64.ActiveCfg = Release|x64
		{F98B4219-1F23-456A-AFD7-A5C39DE4784A}.Release|x64.Build.0 = Release|x64
		{F98B4219-1F23-456A-AFD7-A5C39DE4784A}.Release|x86.ActiveCfg = Release|Win32
		{F98B4219-1F23-456A-AFD7-A5C39DE4784A}.Release|x86.Build.0 = Release|Win32
	EndGlobalSection
	GlobalSection(SolutionProperties) = preSolution
		HideSolutionNode = FALSE
	EndGlobalSection
EndGlobal
