<?xml version="1.0" encoding="utf-8"?>
<Project ToolsVersion="4.0" xmlns="http://schemas.microsoft.com/developer/msbuild/2003">
  <ItemGroup>
    <Filter Include="Message">
      <UniqueIdentifier>{6db52398-7562-488d-8200-ded659236634}</UniqueIdentifier>
    </Filter>
    <Filter Include="MessageEnum">
      <UniqueIdentifier>{1ea61717-2475-4611-b768-283394c81acc}</UniqueIdentifier>
    </Filter>
  </ItemGroup>
  <ItemGroup>
    <ClCompile Include="PostMaster.cpp" />
    <ClCompile Include="Subscriber.cpp" />
  </ItemGroup>
  <ItemGroup>
    <ClInclude Include="PostMaster.h" />
    <ClInclude Include="Subscriber.h" />
    <ClInclude Include="MessageEnum.h">
      <Filter>MessageEnum</Filter>
    </ClInclude>
    <ClInclude Include="Message.h">
      <Filter>Message</Filter>
    </ClInclude>
  </ItemGroup>
</Project>