<?xml version="1.0" encoding="utf-8"?>
<Project ToolsVersion="4.0" xmlns="http://schemas.microsoft.com/developer/msbuild/2003">
  <ItemGroup>
    <Filter Include="Engine">
      <UniqueIdentifier>{ebdb6c9b-009a-428b-a844-513d2386149c}</UniqueIdentifier>
    </Filter>
    <Filter Include="APIs">
      <UniqueIdentifier>{0cc78201-5965-40a6-81a2-74014cda9705}</UniqueIdentifier>
    </Filter>
    <Filter Include="APIs\DirectX11">
      <UniqueIdentifier>{fbeb67db-8b2e-41b3-8cf6-223a51ef126a}</UniqueIdentifier>
    </Filter>
    <Filter Include="Camera">
      <UniqueIdentifier>{59c67577-8d37-4473-a94f-c457ad068b08}</UniqueIdentifier>
    </Filter>
    <Filter Include="Effect">
      <UniqueIdentifier>{743f2b4d-cfb7-4112-8568-38beb8c6d0d1}</UniqueIdentifier>
    </Filter>
    <Filter Include="Model">
      <UniqueIdentifier>{e4622ef9-504c-47aa-86cf-e47ae8a05b13}</UniqueIdentifier>
    </Filter>
    <Filter Include="Texture">
      <UniqueIdentifier>{f317326c-d7aa-451c-9caf-2ba27547eb5b}</UniqueIdentifier>
    </Filter>
    <Filter Include="Surface">
      <UniqueIdentifier>{b49960a5-5cf3-4d21-989b-e4a0379c1468}</UniqueIdentifier>
    </Filter>
    <Filter Include="precompiled">
      <UniqueIdentifier>{ee7c4b62-c1db-4c97-b817-ebc32e6cdba3}</UniqueIdentifier>
    </Filter>
    <Filter Include="Scene">
      <UniqueIdentifier>{c6e20f0a-752b-4c44-9d83-08f4d88043e4}</UniqueIdentifier>
    </Filter>
    <Filter Include="Sprite">
      <UniqueIdentifier>{ac01b05d-b9c6-4f99-ae90-8db6432ad9fe}</UniqueIdentifier>
    </Filter>
    <Filter Include="Utilities">
      <UniqueIdentifier>{d59bf73d-12e7-43a3-81fa-4274d70f61bb}</UniqueIdentifier>
    </Filter>
    <Filter Include="Utilities\Algorithms">
      <UniqueIdentifier>{9294ad71-b1a9-4f43-8585-e73e393e8852}</UniqueIdentifier>
    </Filter>
    <Filter Include="Utilities\Vertex &amp; Index Wrapper &amp; Types">
      <UniqueIdentifier>{ed7f4016-5fff-476c-94ec-aed65f23c14d}</UniqueIdentifier>
    </Filter>
    <Filter Include="Text">
      <UniqueIdentifier>{201cd6e2-3c2f-4ff9-9fea-47e13fd4dcb9}</UniqueIdentifier>
    </Filter>
    <Filter Include="Utilities\Console">
      <UniqueIdentifier>{3a1f7c40-925b-4af0-aaaf-616352a08e35}</UniqueIdentifier>
    </Filter>
    <Filter Include="FBX">
      <UniqueIdentifier>{7e37d80a-6fe7-4ce0-9b74-f5c0a319b0e8}</UniqueIdentifier>
    </Filter>
    <Filter Include="Light">
      <UniqueIdentifier>{5b555923-93d1-4ca2-ab8e-8f4c6d63f0bf}</UniqueIdentifier>
    </Filter>
    <Filter Include="Light\Directional">
      <UniqueIdentifier>{ce21cad4-b86b-4113-892e-8c857a7059ae}</UniqueIdentifier>
    </Filter>
    <Filter Include="Light\Spot">
      <UniqueIdentifier>{2ec8ce1d-d2ea-4328-93c1-7c141521879d}</UniqueIdentifier>
    </Filter>
    <Filter Include="Light\Point">
      <UniqueIdentifier>{791e4e65-fbaa-4ed1-ba33-8e600bf6b28c}</UniqueIdentifier>
    </Filter>
    <Filter Include="Rendering">
      <UniqueIdentifier>{d8548c38-fabc-49ce-9df5-72949776396c}</UniqueIdentifier>
    </Filter>
  </ItemGroup>
  <ItemGroup>
    <ClInclude Include="Engine.h">
      <Filter>Engine</Filter>
    </ClInclude>
    <ClInclude Include="Effect.h">
      <Filter>Effect</Filter>
    </ClInclude>
    <ClInclude Include="Camera.h">
      <Filter>Camera</Filter>
    </ClInclude>
    <ClInclude Include="Instance.h">
      <Filter>Model</Filter>
    </ClInclude>
    <ClInclude Include="Model.h">
      <Filter>Model</Filter>
    </ClInclude>
    <ClInclude Include="Texture.h">
      <Filter>Texture</Filter>
    </ClInclude>
    <ClInclude Include="Surface.h">
      <Filter>Surface</Filter>
    </ClInclude>
    <ClInclude Include="DirectX11.h">
      <Filter>APIs\DirectX11</Filter>
    </ClInclude>
    <ClInclude Include="stdafx.h">
      <Filter>precompiled</Filter>
    </ClInclude>
    <ClInclude Include="Scene.h">
      <Filter>Scene</Filter>
    </ClInclude>
    <ClInclude Include="Sprite.h">
      <Filter>Sprite</Filter>
    </ClInclude>
    <ClInclude Include="SpriteModel.h">
      <Filter>Sprite</Filter>
    </ClInclude>
    <ClInclude Include="EngineDefines.h">
      <Filter>Utilities</Filter>
    </ClInclude>
    <ClInclude Include="VertexWrapper.h">
      <Filter>Utilities\Vertex &amp; Index Wrapper &amp; Types</Filter>
    </ClInclude>
    <ClInclude Include="VertexTypes.h">
      <Filter>Utilities\Vertex &amp; Index Wrapper &amp; Types</Filter>
    </ClInclude>
    <ClInclude Include="IndexWrapper.h">
      <Filter>Utilities\Vertex &amp; Index Wrapper &amp; Types</Filter>
    </ClInclude>
    <ClInclude Include="RectangleBinPack.h">
      <Filter>Utilities\Algorithms</Filter>
    </ClInclude>
    <ClInclude Include="VertexStructs.h">
      <Filter>Utilities\Vertex &amp; Index Wrapper &amp; Types</Filter>
    </ClInclude>
    <ClInclude Include="Font.h">
      <Filter>Text</Filter>
    </ClInclude>
    <ClInclude Include="FontManager.h">
      <Filter>Text</Filter>
    </ClInclude>
    <ClInclude Include="Text.h">
      <Filter>Text</Filter>
    </ClInclude>
    <ClInclude Include="Console.h">
      <Filter>Utilities\Console</Filter>
    </ClInclude>
    <ClInclude Include="Common.h">
      <Filter>FBX</Filter>
    </ClInclude>
    <ClInclude Include="FBXFactory.h">
      <Filter>FBX</Filter>
    </ClInclude>
    <ClInclude Include="FbxLoader.h">
      <Filter>FBX</Filter>
    </ClInclude>
    <ClInclude Include="GeometryUtility.h">
      <Filter>FBX</Filter>
    </ClInclude>
    <ClInclude Include="AnimationUtility.h">
      <Filter>FBX</Filter>
    </ClInclude>
    <ClInclude Include="LightStructs.h">
      <Filter>Light</Filter>
    </ClInclude>
    <ClInclude Include="DirectionalLight.h">
      <Filter>Light\Directional</Filter>
    </ClInclude>
    <ClInclude Include="SpotLight.h">
      <Filter>Light\Spot</Filter>
    </ClInclude>
    <ClInclude Include="PointLight.h">
      <Filter>Light\Point</Filter>
    </ClInclude>
    <ClInclude Include="AssetsContainer.h" />
    <ClInclude Include="FullscreenHelper.h">
      <Filter>Rendering</Filter>
    </ClInclude>
    <ClInclude Include="RenderCommand.h">
      <Filter>Rendering</Filter>
    </ClInclude>
    <ClInclude Include="Renderer.h">
      <Filter>Rendering</Filter>
    </ClInclude>
    <ClInclude Include="Synchronizer.h">
      <Filter>Rendering</Filter>
    </ClInclude>
    <ClInclude Include="DeferredRenderer.h">
      <Filter>Rendering</Filter>
    </ClInclude>
    <ClInclude Include="BadValueException.h" />
    <ClInclude Include="EmitterInstance.h" />
    <ClInclude Include="SnowblindParticleData.h" />
  </ItemGroup>
  <ItemGroup>
    <ClCompile Include="Engine.cpp">
      <Filter>Engine</Filter>
    </ClCompile>
    <ClCompile Include="Effect.cpp">
      <Filter>Effect</Filter>
    </ClCompile>
    <ClCompile Include="Camera.cpp">
      <Filter>Camera</Filter>
    </ClCompile>
    <ClCompile Include="Instance.cpp">
      <Filter>Model</Filter>
    </ClCompile>
    <ClCompile Include="Model.cpp">
      <Filter>Model</Filter>
    </ClCompile>
    <ClCompile Include="Texture.cpp">
      <Filter>Texture</Filter>
    </ClCompile>
    <ClCompile Include="Surface.cpp">
      <Filter>Surface</Filter>
    </ClCompile>
    <ClCompile Include="DirectX11.cpp">
      <Filter>APIs\DirectX11</Filter>
    </ClCompile>
    <ClCompile Include="stdafx.cpp">
      <Filter>precompiled</Filter>
    </ClCompile>
    <ClCompile Include="Scene.cpp">
      <Filter>Scene</Filter>
    </ClCompile>
    <ClCompile Include="Sprite.cpp">
      <Filter>Sprite</Filter>
    </ClCompile>
    <ClCompile Include="SpriteModel.cpp">
      <Filter>Sprite</Filter>
    </ClCompile>
    <ClCompile Include="RectangleBinPack.cpp">
      <Filter>Utilities\Algorithms</Filter>
    </ClCompile>
    <ClCompile Include="Font.cpp">
      <Filter>Text</Filter>
    </ClCompile>
    <ClCompile Include="FontManager.cpp">
      <Filter>Text</Filter>
    </ClCompile>
    <ClCompile Include="Text.cpp">
      <Filter>Text</Filter>
    </ClCompile>
    <ClCompile Include="Console.cpp">
      <Filter>Utilities\Console</Filter>
    </ClCompile>
    <ClCompile Include="Common.cxx">
      <Filter>FBX</Filter>
    </ClCompile>
    <ClCompile Include="FBXFactory.cpp">
      <Filter>FBX</Filter>
    </ClCompile>
    <ClCompile Include="FbxLoader.cpp">
      <Filter>FBX</Filter>
    </ClCompile>
    <ClCompile Include="GeometryUtility.cxx">
      <Filter>FBX</Filter>
    </ClCompile>
    <ClCompile Include="AnimationUtility.cxx">
      <Filter>FBX</Filter>
    </ClCompile>
    <ClCompile Include="DirectionalLight.cpp">
      <Filter>Light\Directional</Filter>
    </ClCompile>
    <ClCompile Include="SpotLight.cpp">
      <Filter>Light\Spot</Filter>
    </ClCompile>
    <ClCompile Include="PointLight.cpp">
      <Filter>Light\Point</Filter>
    </ClCompile>
    <ClCompile Include="AssetsContainer.cpp" />
    <ClCompile Include="FullscreenHelper.cpp">
      <Filter>Rendering</Filter>
    </ClCompile>
    <ClCompile Include="RenderCommand.cpp">
      <Filter>Rendering</Filter>
    </ClCompile>
    <ClCompile Include="Renderer.cpp">
      <Filter>Rendering</Filter>
    </ClCompile>
    <ClCompile Include="Synchronizer.cpp">
      <Filter>Rendering</Filter>
    </ClCompile>
    <ClCompile Include="DeferredRenderer.cpp">
      <Filter>Rendering</Filter>
    </ClCompile>
    <ClCompile Include="EmitterInstance.cpp" />
  </ItemGroup>
  <ItemGroup>
    <FxCompile Include="..\Workbed\Data\Shaders\Particle.fx" />
    <FxCompile Include="..\Workbed\Data\Shaders\Font_Effect.fx" />
  </ItemGroup>
</Project>