<?xml version="1.0" encoding="utf-8"?>
<Project ToolsVersion="4.0" xmlns="http://schemas.microsoft.com/developer/msbuild/2003">
  <ItemGroup>
    <Filter Include="Engine">
      <UniqueIdentifier>{ebdb6c9b-009a-428b-a844-513d2386149c}</UniqueIdentifier>
    </Filter>
    <Filter Include="APIs">
      <UniqueIdentifier>{0cc78201-5965-40a6-81a2-74014cda9705}</UniqueIdentifier>
    </Filter>
    <Filter Include="APIs\DirectX11">
      <UniqueIdentifier>{fbeb67db-8b2e-41b3-8cf6-223a51ef126a}</UniqueIdentifier>
    </Filter>
    <Filter Include="Camera">
      <UniqueIdentifier>{59c67577-8d37-4473-a94f-c457ad068b08}</UniqueIdentifier>
    </Filter>
    <Filter Include="Model">
      <UniqueIdentifier>{e4622ef9-504c-47aa-86cf-e47ae8a05b13}</UniqueIdentifier>
    </Filter>
    <Filter Include="Texture">
      <UniqueIdentifier>{f317326c-d7aa-451c-9caf-2ba27547eb5b}</UniqueIdentifier>
    </Filter>
    <Filter Include="Surface">
      <UniqueIdentifier>{b49960a5-5cf3-4d21-989b-e4a0379c1468}</UniqueIdentifier>
    </Filter>
    <Filter Include="precompiled">
      <UniqueIdentifier>{ee7c4b62-c1db-4c97-b817-ebc32e6cdba3}</UniqueIdentifier>
    </Filter>
    <Filter Include="Scene">
      <UniqueIdentifier>{c6e20f0a-752b-4c44-9d83-08f4d88043e4}</UniqueIdentifier>
    </Filter>
    <Filter Include="Sprite">
      <UniqueIdentifier>{ac01b05d-b9c6-4f99-ae90-8db6432ad9fe}</UniqueIdentifier>
    </Filter>
    <Filter Include="Utilities">
      <UniqueIdentifier>{d59bf73d-12e7-43a3-81fa-4274d70f61bb}</UniqueIdentifier>
    </Filter>
    <Filter Include="Utilities\Algorithms">
      <UniqueIdentifier>{9294ad71-b1a9-4f43-8585-e73e393e8852}</UniqueIdentifier>
    </Filter>
    <Filter Include="Utilities\Vertex &amp; Index Wrapper &amp; Types">
      <UniqueIdentifier>{ed7f4016-5fff-476c-94ec-aed65f23c14d}</UniqueIdentifier>
    </Filter>
    <Filter Include="Text">
      <UniqueIdentifier>{201cd6e2-3c2f-4ff9-9fea-47e13fd4dcb9}</UniqueIdentifier>
    </Filter>
    <Filter Include="Light">
      <UniqueIdentifier>{5b555923-93d1-4ca2-ab8e-8f4c6d63f0bf}</UniqueIdentifier>
    </Filter>
    <Filter Include="Light\Directional">
      <UniqueIdentifier>{ce21cad4-b86b-4113-892e-8c857a7059ae}</UniqueIdentifier>
    </Filter>
    <Filter Include="Light\Spot">
      <UniqueIdentifier>{2ec8ce1d-d2ea-4328-93c1-7c141521879d}</UniqueIdentifier>
    </Filter>
    <Filter Include="Light\Point">
      <UniqueIdentifier>{791e4e65-fbaa-4ed1-ba33-8e600bf6b28c}</UniqueIdentifier>
    </Filter>
    <Filter Include="Rendering">
      <UniqueIdentifier>{d8548c38-fabc-49ce-9df5-72949776396c}</UniqueIdentifier>
    </Filter>
    <Filter Include="Containers">
      <UniqueIdentifier>{c1d8275e-5baf-40d7-9e85-f9a73d92c716}</UniqueIdentifier>
    </Filter>
    <Filter Include="Particles">
      <UniqueIdentifier>{b46c163a-8795-48e7-a1fa-d3d0663e7629}</UniqueIdentifier>
    </Filter>
    <Filter Include="Terrain">
      <UniqueIdentifier>{ed1d9fdf-d838-4dc4-b0d4-af48b3de659f}</UniqueIdentifier>
    </Filter>
    <Filter Include="Utilities\FileWatcher">
      <UniqueIdentifier>{a88ef690-d1ac-464c-afd0-8137e6a5df35}</UniqueIdentifier>
    </Filter>
    <Filter Include="Console">
      <UniqueIdentifier>{3a1f7c40-925b-4af0-aaaf-616352a08e35}</UniqueIdentifier>
    </Filter>
    <Filter Include="Utilities\SystemMonitor">
      <UniqueIdentifier>{f84abf60-8b66-45fc-a803-c22aa3330c1c}</UniqueIdentifier>
    </Filter>
    <Filter Include="Rendering\Passes">
      <UniqueIdentifier>{786b558d-0cd4-4d15-be8b-5d347c39f501}</UniqueIdentifier>
    </Filter>
    <Filter Include="Effect">
      <UniqueIdentifier>{743f2b4d-cfb7-4112-8568-38beb8c6d0d1}</UniqueIdentifier>
    </Filter>
    <Filter Include="APIs\Vulkan">
      <UniqueIdentifier>{9e3ae5b3-bf4d-474c-8e69-065867cb2223}</UniqueIdentifier>
    </Filter>
    <Filter Include="Window">
      <UniqueIdentifier>{39e4120e-a772-4034-9338-7e804078a325}</UniqueIdentifier>
    </Filter>
    <Filter Include="imgui">
      <UniqueIdentifier>{d71897c1-4828-467e-9c3e-b6a5dabdca35}</UniqueIdentifier>
    </Filter>
    <Filter Include="Statestack">
      <UniqueIdentifier>{7fb703f8-e38c-4aff-ba23-4522a95ba148}</UniqueIdentifier>
    </Filter>
    <Filter Include="World">
      <UniqueIdentifier>{4fa57eca-e053-4eb3-ac16-d5c53883127b}</UniqueIdentifier>
    </Filter>
    <Filter Include="Allocators">
      <UniqueIdentifier>{cb1b4330-5634-491b-97a7-c23bb22f263b}</UniqueIdentifier>
    </Filter>
    <Filter Include="Utilities\Gizmo">
      <UniqueIdentifier>{66e4d076-68b2-458d-aaa6-bae7bf610d69}</UniqueIdentifier>
    </Filter>
    <Filter Include="Debug">
      <UniqueIdentifier>{c870797d-6e95-4414-a67d-acba300a8044}</UniqueIdentifier>
    </Filter>
    <Filter Include="Memory">
      <UniqueIdentifier>{74fa6570-4a86-47ca-b567-d9f7b7c3fbef}</UniqueIdentifier>
    </Filter>
    <Filter Include="Factories">
      <UniqueIdentifier>{201dfdf5-6b3a-418b-bf66-9772f05c2a65}</UniqueIdentifier>
    </Filter>
  </ItemGroup>
  <ItemGroup>
    <ClInclude Include="Engine.h">
      <Filter>Engine</Filter>
    </ClInclude>
    <ClInclude Include="Effect.h">
      <Filter>Effect</Filter>
    </ClInclude>
    <ClInclude Include="Camera.h">
      <Filter>Camera</Filter>
    </ClInclude>
    <ClInclude Include="Instance.h">
      <Filter>Model</Filter>
    </ClInclude>
    <ClInclude Include="Model.h">
      <Filter>Model</Filter>
    </ClInclude>
    <ClInclude Include="Texture.h">
      <Filter>Texture</Filter>
    </ClInclude>
    <ClInclude Include="Surface.h">
      <Filter>Surface</Filter>
    </ClInclude>
    <ClInclude Include="DirectX11.h">
      <Filter>APIs\DirectX11</Filter>
    </ClInclude>
    <ClInclude Include="stdafx.h">
      <Filter>precompiled</Filter>
    </ClInclude>
    <ClInclude Include="Scene.h">
      <Filter>Scene</Filter>
    </ClInclude>
    <ClInclude Include="Sprite.h">
      <Filter>Sprite</Filter>
    </ClInclude>
    <ClInclude Include="SpriteModel.h">
      <Filter>Sprite</Filter>
    </ClInclude>
    <ClInclude Include="EngineDefines.h">
      <Filter>Utilities</Filter>
    </ClInclude>
    <ClInclude Include="VertexWrapper.h">
      <Filter>Utilities\Vertex &amp; Index Wrapper &amp; Types</Filter>
    </ClInclude>
    <ClInclude Include="VertexTypes.h">
      <Filter>Utilities\Vertex &amp; Index Wrapper &amp; Types</Filter>
    </ClInclude>
    <ClInclude Include="IndexWrapper.h">
      <Filter>Utilities\Vertex &amp; Index Wrapper &amp; Types</Filter>
    </ClInclude>
    <ClInclude Include="RectangleBinPack.h">
      <Filter>Utilities\Algorithms</Filter>
    </ClInclude>
    <ClInclude Include="VertexStructs.h">
      <Filter>Utilities\Vertex &amp; Index Wrapper &amp; Types</Filter>
    </ClInclude>
    <ClInclude Include="Font.h">
      <Filter>Text</Filter>
    </ClInclude>
    <ClInclude Include="FontManager.h">
      <Filter>Text</Filter>
    </ClInclude>
    <ClInclude Include="Text.h">
      <Filter>Text</Filter>
    </ClInclude>
    <ClInclude Include="Console.h">
      <Filter>Console</Filter>
    </ClInclude>
    <ClInclude Include="LightStructs.h">
      <Filter>Light</Filter>
    </ClInclude>
    <ClInclude Include="DirectionalLight.h">
      <Filter>Light\Directional</Filter>
    </ClInclude>
    <ClInclude Include="SpotLight.h">
      <Filter>Light\Spot</Filter>
    </ClInclude>
    <ClInclude Include="PointLight.h">
      <Filter>Light\Point</Filter>
    </ClInclude>
    <ClInclude Include="Renderer.h">
      <Filter>Rendering</Filter>
    </ClInclude>
    <ClInclude Include="Synchronizer.h">
      <Filter>Rendering</Filter>
    </ClInclude>
    <ClInclude Include="DeferredRenderer.h">
      <Filter>Rendering</Filter>
    </ClInclude>
    <ClInclude Include="SkySphere.h">
      <Filter>Model</Filter>
    </ClInclude>
    <ClInclude Include="AssetsContainer.h">
      <Filter>Containers</Filter>
    </ClInclude>
    <ClInclude Include="EmitterInstance.h">
      <Filter>Particles</Filter>
    </ClInclude>
    <ClInclude Include="ShaderFactory.h">
      <Filter>Effect</Filter>
    </ClInclude>
    <ClInclude Include="ShaderWarningHandler.h">
      <Filter>Effect</Filter>
    </ClInclude>
    <ClInclude Include="ModelImporter.h">
      <Filter>Model</Filter>
    </ClInclude>
    <ClInclude Include="BaseModel.h">
      <Filter>Model</Filter>
    </ClInclude>
    <ClInclude Include="Terrain.h">
      <Filter>Terrain</Filter>
    </ClInclude>
    <ClInclude Include="FileWatcher.h">
      <Filter>Utilities\FileWatcher</Filter>
    </ClInclude>
    <ClInclude Include="SystemMonitor.h">
      <Filter>Utilities\SystemMonitor</Filter>
    </ClInclude>
    <ClInclude Include="LightPass.h">
      <Filter>Rendering\Passes</Filter>
    </ClInclude>
    <ClInclude Include="ShadowPass.h">
      <Filter>Rendering\Passes</Filter>
    </ClInclude>
    <ClInclude Include="GBuffer.h">
      <Filter>Rendering</Filter>
    </ClInclude>
    <ClInclude Include="TGA32.h">
      <Filter>Utilities</Filter>
    </ClInclude>
    <ClInclude Include="IGraphicsAPI.h">
      <Filter>APIs</Filter>
    </ClInclude>
    <ClInclude Include="MousePicker.h">
      <Filter>Utilities</Filter>
    </ClInclude>
    <ClInclude Include="TerrainManager.h">
      <Filter>Terrain</Filter>
    </ClInclude>
    <ClInclude Include="ShadowSpotlight.h">
      <Filter>Light</Filter>
    </ClInclude>
    <ClInclude Include="Vulkan.h">
      <Filter>APIs\Vulkan</Filter>
    </ClInclude>
    <ClInclude Include="Window.h">
      <Filter>Window</Filter>
    </ClInclude>
    <ClInclude Include="Line3D.h">
      <Filter>Rendering</Filter>
    </ClInclude>
    <ClInclude Include="AABB.h">
      <Filter>Utilities</Filter>
    </ClInclude>
    <ClInclude Include="imconfig.h">
      <Filter>imgui</Filter>
    </ClInclude>
    <ClInclude Include="imgui.h">
      <Filter>imgui</Filter>
    </ClInclude>
    <ClInclude Include="imgui_internal.h">
      <Filter>imgui</Filter>
    </ClInclude>
    <ClInclude Include="imgui_impl_dx11.h">
      <Filter>imgui</Filter>
    </ClInclude>
    <ClInclude Include="StateStack.h">
      <Filter>Statestack</Filter>
    </ClInclude>
    <ClInclude Include="State.h">
      <Filter>Statestack</Filter>
    </ClInclude>
    <ClInclude Include="stb_rect_pack.h">
      <Filter>imgui</Filter>
    </ClInclude>
    <ClInclude Include="stb_textedit.h">
      <Filter>imgui</Filter>
    </ClInclude>
    <ClInclude Include="stb_truetype.h">
      <Filter>imgui</Filter>
    </ClInclude>
    <ClInclude Include="EditObject.h">
      <Filter>Utilities</Filter>
    </ClInclude>
    <ClInclude Include="Components.h">
      <Filter>Utilities</Filter>
    </ClInclude>
    <ClInclude Include="LevelFactory.h">
      <Filter>World</Filter>
    </ClInclude>
    <ClInclude Include="TreeNode.h">
      <Filter>World</Filter>
    </ClInclude>
    <ClInclude Include="World.h">
      <Filter>World</Filter>
    </ClInclude>
    <ClInclude Include="NodeEntityManager.h">
      <Filter>World</Filter>
    </ClInclude>
    <ClInclude Include="TreeDweller.h">
      <Filter>World</Filter>
    </ClInclude>
    <ClInclude Include="BaseAllocator.h">
      <Filter>Allocators</Filter>
    </ClInclude>
    <ClInclude Include="Octree.h">
      <Filter>World</Filter>
    </ClInclude>
    <ClInclude Include="LinearAllocator.h">
      <Filter>Allocators</Filter>
    </ClInclude>
    <ClInclude Include="PostProcessManager.h">
      <Filter>Rendering</Filter>
    </ClInclude>
    <ClInclude Include="HDRPass.h">
      <Filter>Rendering\Passes</Filter>
    </ClInclude>
    <ClInclude Include="MotionBlurPass.h">
      <Filter>Rendering\Passes</Filter>
    </ClInclude>
    <ClInclude Include="BloomPass.h">
      <Filter>Rendering\Passes</Filter>
    </ClInclude>
    <ClInclude Include="GizmoShared.h">
      <Filter>Utilities\Gizmo</Filter>
    </ClInclude>
    <ClInclude Include="GizmoBase.h">
      <Filter>Utilities\Gizmo</Filter>
    </ClInclude>
    <ClInclude Include="VirtualFileSystem.h">
      <Filter>Utilities</Filter>
    </ClInclude>
    <ClInclude Include="Frustum.h">
      <Filter>Rendering</Filter>
    </ClInclude>
    <ClInclude Include="Shadow_Directional.h">
      <Filter>Rendering</Filter>
    </ClInclude>
    <ClInclude Include="Atmosphere.h">
      <Filter>World</Filter>
    </ClInclude>
    <ClInclude Include="AtmosphereConstants.h">
      <Filter>World</Filter>
    </ClInclude>
    <ClInclude Include="AtmosphereModel.h">
      <Filter>World</Filter>
    </ClInclude>
    <ClInclude Include="LightModel.h">
      <Filter>Light</Filter>
    </ClInclude>
    <ClInclude Include="Quad.h">
      <Filter>Rendering</Filter>
    </ClInclude>
    <ClInclude Include="RenderCommand.h">
      <Filter>Rendering</Filter>
    </ClInclude>
    <ClInclude Include="CommandAllocator.h">
      <Filter>Allocators</Filter>
    </ClInclude>
    <ClInclude Include="SSAOPass.h">
      <Filter>Rendering\Passes</Filter>
    </ClInclude>
    <ClInclude Include="engine_shared.h">
      <Filter>Utilities</Filter>
    </ClInclude>
    <ClInclude Include="ParticleData.h">
      <Filter>Particles</Filter>
    </ClInclude>
    <ClInclude Include="TreeNodeBase.h">
      <Filter>World</Filter>
    </ClInclude>
    <ClInclude Include="IGraphicsContext.h">
      <Filter>APIs</Filter>
    </ClInclude>
    <ClInclude Include="IGraphicsDevice.h">
      <Filter>APIs</Filter>
    </ClInclude>
    <ClInclude Include="DX11Context.h">
      <Filter>APIs\DirectX11</Filter>
    </ClInclude>
    <ClInclude Include="DX11Device.h">
      <Filter>APIs\DirectX11</Filter>
    </ClInclude>
    <ClInclude Include="DebugHandle.h">
      <Filter>Debug</Filter>
    </ClInclude>
    <ClInclude Include="ImGuiRegisterStructs.h">
      <Filter>Debug</Filter>
    </ClInclude>
    <ClInclude Include="RenderContext.h">
      <Filter>Rendering</Filter>
    </ClInclude>
    <ClInclude Include="WaterPlane.h">
      <Filter>Model</Filter>
    </ClInclude>
    <ClInclude Include="ShaderState.h">
      <Filter>Rendering</Filter>
    </ClInclude>
    <ClInclude Include="MemorySegmentHandle.h">
      <Filter>Memory</Filter>
    </ClInclude>
    <ClInclude Include="RootTreeNode.h">
      <Filter>World</Filter>
    </ClInclude>
    <ClInclude Include="InstanceWrapper.h">
      <Filter>Utilities\Vertex &amp; Index Wrapper &amp; Types</Filter>
    </ClInclude>
    <ClInclude Include="profile_defines.h" />
    <ClInclude Include="Viewport.h">
      <Filter>Camera</Filter>
    </ClInclude>
    <ClInclude Include="EdgeDetectionPass.h">
      <Filter>Rendering\Passes</Filter>
    </ClInclude>
    <ClInclude Include="InstancingManager.h">
      <Filter>Rendering</Filter>
    </ClInclude>
    <ClInclude Include="LightManager.h">
      <Filter>Light</Filter>
    </ClInclude>
    <ClInclude Include="Material.h">
      <Filter>Rendering</Filter>
    </ClInclude>
    <ClInclude Include="RenderObject.h">
      <Filter>Rendering</Filter>
    </ClInclude>
    <ClInclude Include="AssetFactory.h">
      <Filter>Factories</Filter>
    </ClInclude>
    <ClInclude Include="ImGuizmo.h">
      <Filter>imgui</Filter>
    </ClInclude>
    <ClInclude Include="Inspector.h" />
    <ClInclude Include="InspectorView.h" />
    <ClInclude Include="PhysicsView.h" />
    <ClInclude Include="GraphicsView.h" />
    <ClInclude Include="TransformView.h" />
    <ClInclude Include="ConstantBuffer.h" />
  </ItemGroup>
  <ItemGroup>
    <ClCompile Include="Engine.cpp">
      <Filter>Engine</Filter>
    </ClCompile>
    <ClCompile Include="Effect.cpp">
      <Filter>Effect</Filter>
    </ClCompile>
    <ClCompile Include="Camera.cpp">
      <Filter>Camera</Filter>
    </ClCompile>
    <ClCompile Include="Instance.cpp">
      <Filter>Model</Filter>
    </ClCompile>
    <ClCompile Include="Model.cpp">
      <Filter>Model</Filter>
    </ClCompile>
    <ClCompile Include="Texture.cpp">
      <Filter>Texture</Filter>
    </ClCompile>
    <ClCompile Include="Surface.cpp">
      <Filter>Surface</Filter>
    </ClCompile>
    <ClCompile Include="DirectX11.cpp">
      <Filter>APIs\DirectX11</Filter>
    </ClCompile>
    <ClCompile Include="stdafx.cpp">
      <Filter>precompiled</Filter>
    </ClCompile>
    <ClCompile Include="Scene.cpp">
      <Filter>Scene</Filter>
    </ClCompile>
    <ClCompile Include="Sprite.cpp">
      <Filter>Sprite</Filter>
    </ClCompile>
    <ClCompile Include="SpriteModel.cpp">
      <Filter>Sprite</Filter>
    </ClCompile>
    <ClCompile Include="RectangleBinPack.cpp">
      <Filter>Utilities\Algorithms</Filter>
    </ClCompile>
    <ClCompile Include="Font.cpp">
      <Filter>Text</Filter>
    </ClCompile>
    <ClCompile Include="FontManager.cpp">
      <Filter>Text</Filter>
    </ClCompile>
    <ClCompile Include="Text.cpp">
      <Filter>Text</Filter>
    </ClCompile>
    <ClCompile Include="Console.cpp">
      <Filter>Console</Filter>
    </ClCompile>
    <ClCompile Include="DirectionalLight.cpp">
      <Filter>Light\Directional</Filter>
    </ClCompile>
    <ClCompile Include="SpotLight.cpp">
      <Filter>Light\Spot</Filter>
    </ClCompile>
    <ClCompile Include="PointLight.cpp">
      <Filter>Light\Point</Filter>
    </ClCompile>
    <ClCompile Include="Renderer.cpp">
      <Filter>Rendering</Filter>
    </ClCompile>
    <ClCompile Include="Synchronizer.cpp">
      <Filter>Rendering</Filter>
    </ClCompile>
    <ClCompile Include="DeferredRenderer.cpp">
      <Filter>Rendering</Filter>
    </ClCompile>
    <ClCompile Include="SkySphere.cpp">
      <Filter>Model</Filter>
    </ClCompile>
    <ClCompile Include="AssetsContainer.cpp">
      <Filter>Containers</Filter>
    </ClCompile>
    <ClCompile Include="EmitterInstance.cpp">
      <Filter>Particles</Filter>
    </ClCompile>
    <ClCompile Include="ShaderFactory.cpp">
      <Filter>Effect</Filter>
    </ClCompile>
    <ClCompile Include="ShaderWarningHandler.cpp">
      <Filter>Effect</Filter>
    </ClCompile>
    <ClCompile Include="ModelImporter.cpp">
      <Filter>Model</Filter>
    </ClCompile>
    <ClCompile Include="BaseModel.cpp">
      <Filter>Model</Filter>
    </ClCompile>
    <ClCompile Include="Terrain.cpp">
      <Filter>Terrain</Filter>
    </ClCompile>
    <ClCompile Include="FileWatcher.cpp">
      <Filter>Utilities\FileWatcher</Filter>
    </ClCompile>
    <ClCompile Include="SystemMonitor.cpp">
      <Filter>Utilities\SystemMonitor</Filter>
    </ClCompile>
    <ClCompile Include="LightPass.cpp">
      <Filter>Rendering\Passes</Filter>
    </ClCompile>
    <ClCompile Include="ShadowPass.cpp">
      <Filter>Rendering\Passes</Filter>
    </ClCompile>
    <ClCompile Include="GBuffer.cpp">
      <Filter>Rendering</Filter>
    </ClCompile>
    <ClCompile Include="TGA32.cpp">
      <Filter>Utilities</Filter>
    </ClCompile>
    <ClCompile Include="MousePicker.cpp">
      <Filter>Utilities</Filter>
    </ClCompile>
    <ClCompile Include="DXDepthstencilStates.cpp">
      <Filter>APIs\DirectX11</Filter>
    </ClCompile>
    <ClCompile Include="DXBlendStates.cpp">
      <Filter>APIs\DirectX11</Filter>
    </ClCompile>
    <ClCompile Include="DXSamplerStates.cpp">
      <Filter>APIs\DirectX11</Filter>
    </ClCompile>
    <ClCompile Include="TerrainManager.cpp">
      <Filter>Terrain</Filter>
    </ClCompile>
    <ClCompile Include="ShadowSpotlight.cpp">
      <Filter>Light</Filter>
    </ClCompile>
    <ClCompile Include="Vulkan.cpp">
      <Filter>APIs\Vulkan</Filter>
    </ClCompile>
    <ClCompile Include="Window.cpp">
      <Filter>Window</Filter>
    </ClCompile>
    <ClCompile Include="Line3D.cpp">
      <Filter>Rendering</Filter>
    </ClCompile>
    <ClCompile Include="AABB.cpp">
      <Filter>Utilities</Filter>
    </ClCompile>
    <ClCompile Include="imgui.cpp">
      <Filter>imgui</Filter>
    </ClCompile>
    <ClCompile Include="imgui_demo.cpp">
      <Filter>imgui</Filter>
    </ClCompile>
    <ClCompile Include="imgui_draw.cpp">
      <Filter>imgui</Filter>
    </ClCompile>
    <ClCompile Include="imgui_impl_dx11.cpp">
      <Filter>imgui</Filter>
    </ClCompile>
    <ClCompile Include="StateStack.cpp">
      <Filter>Statestack</Filter>
    </ClCompile>
    <ClCompile Include="EditObject.cpp">
      <Filter>Utilities</Filter>
    </ClCompile>
    <ClCompile Include="LevelFactory.cpp">
      <Filter>World</Filter>
    </ClCompile>
    <ClCompile Include="TreeNode.cpp">
      <Filter>World</Filter>
    </ClCompile>
    <ClCompile Include="World.cpp">
      <Filter>World</Filter>
    </ClCompile>
    <ClCompile Include="NodeEntityManager.cpp">
      <Filter>World</Filter>
    </ClCompile>
    <ClCompile Include="TreeDweller.cpp">
      <Filter>World</Filter>
    </ClCompile>
    <ClCompile Include="BaseAllocator.cpp">
      <Filter>Allocators</Filter>
    </ClCompile>
    <ClCompile Include="Octree.cpp">
      <Filter>World</Filter>
    </ClCompile>
    <ClCompile Include="LinearAllocator.cpp">
      <Filter>Allocators</Filter>
    </ClCompile>
    <ClCompile Include="PostProcessManager.cpp">
      <Filter>Rendering</Filter>
    </ClCompile>
    <ClCompile Include="HDRPass.cpp">
      <Filter>Rendering\Passes</Filter>
    </ClCompile>
    <ClCompile Include="MotionBlurPass.cpp">
      <Filter>Rendering\Passes</Filter>
    </ClCompile>
    <ClCompile Include="BloomPass.cpp">
      <Filter>Rendering\Passes</Filter>
    </ClCompile>
    <ClCompile Include="GizmoShared.cpp">
      <Filter>Utilities\Gizmo</Filter>
    </ClCompile>
    <ClCompile Include="GizmoBase.cpp">
      <Filter>Utilities\Gizmo</Filter>
    </ClCompile>
    <ClCompile Include="VirtualFileSystem.cpp">
      <Filter>Utilities</Filter>
    </ClCompile>
    <ClCompile Include="Frustum.cpp">
      <Filter>Rendering</Filter>
    </ClCompile>
    <ClCompile Include="Shadow_Directional.cpp">
      <Filter>Rendering</Filter>
    </ClCompile>
    <ClCompile Include="Atmosphere.cpp">
      <Filter>World</Filter>
    </ClCompile>
    <ClCompile Include="AtmosphereModel.cpp">
      <Filter>World</Filter>
    </ClCompile>
    <ClCompile Include="LightModel.cpp">
      <Filter>Light</Filter>
    </ClCompile>
    <ClCompile Include="Quad.cpp">
      <Filter>Rendering</Filter>
    </ClCompile>
    <ClCompile Include="RenderCommand.cpp">
      <Filter>Rendering</Filter>
    </ClCompile>
    <ClCompile Include="CommandAllocator.cpp">
      <Filter>Allocators</Filter>
    </ClCompile>
    <ClCompile Include="SSAOPass.cpp">
      <Filter>Rendering\Passes</Filter>
    </ClCompile>
    <ClCompile Include="TreeNodeBase.cpp">
      <Filter>World</Filter>
    </ClCompile>
    <ClCompile Include="DX11Context.cpp">
      <Filter>APIs\DirectX11</Filter>
    </ClCompile>
    <ClCompile Include="DX11Device.cpp">
      <Filter>APIs\DirectX11</Filter>
    </ClCompile>
    <ClCompile Include="DebugHandle.cpp">
      <Filter>Debug</Filter>
    </ClCompile>
    <ClCompile Include="RenderContext.cpp">
      <Filter>Rendering</Filter>
    </ClCompile>
    <ClCompile Include="WaterPlane.cpp">
      <Filter>Model</Filter>
    </ClCompile>
    <ClCompile Include="ShaderState.cpp">
      <Filter>Rendering</Filter>
    </ClCompile>
    <ClCompile Include="MemorySegmentHandle.cpp">
      <Filter>Memory</Filter>
    </ClCompile>
    <ClCompile Include="RootTreeNode.cpp">
      <Filter>World</Filter>
    </ClCompile>
    <ClCompile Include="Viewport.cpp">
      <Filter>Camera</Filter>
    </ClCompile>
    <ClCompile Include="EdgeDetectionPass.cpp">
      <Filter>Rendering\Passes</Filter>
    </ClCompile>
    <ClCompile Include="InstancingManager.cpp">
      <Filter>Rendering</Filter>
    </ClCompile>
    <ClCompile Include="LightManager.cpp">
      <Filter>Light</Filter>
    </ClCompile>
    <ClCompile Include="Material.cpp">
      <Filter>Rendering</Filter>
    </ClCompile>
    <ClCompile Include="RenderObject.cpp">
      <Filter>Rendering</Filter>
    </ClCompile>
    <ClCompile Include="AssetFactory.cpp">
      <Filter>Factories</Filter>
    </ClCompile>
    <ClCompile Include="ImGuizmo.cpp">
      <Filter>imgui</Filter>
    </ClCompile>
    <ClCompile Include="Inspector.cpp" />
    <ClCompile Include="PhysicsView.cpp" />
    <ClCompile Include="InspectorView.cpp" />
    <ClCompile Include="GraphicsView.cpp" />
    <ClCompile Include="TransformView.cpp" />
    <ClCompile Include="ConstantBuffer.cpp" />
  </ItemGroup>
</Project>