<?xml version="1.0" encoding="utf-8"?>
<Project ToolsVersion="4.0" xmlns="http://schemas.microsoft.com/developer/msbuild/2003">
  <ItemGroup>
    <Filter Include="Systems">
      <UniqueIdentifier>{705e3606-2cc4-4a0a-a37e-b660ee3bd1eb}</UniqueIdentifier>
    </Filter>
    <Filter Include="Components">
      <UniqueIdentifier>{3879e4a7-4a78-496f-bf55-9c5cf9481e99}</UniqueIdentifier>
    </Filter>
    <Filter Include="Utilities">
      <UniqueIdentifier>{34782cee-ad05-46d1-93be-40f2c33b4e48}</UniqueIdentifier>
    </Filter>
  </ItemGroup>
  <ItemGroup>
    <ClInclude Include="RenderSystem.h">
      <Filter>Systems</Filter>
    </ClInclude>
    <ClInclude Include="BaseSystem.h">
      <Filter>Systems</Filter>
    </ClInclude>
    <ClInclude Include="BaseComponent.h">
      <Filter>Components</Filter>
    </ClInclude>
    <ClInclude Include="ComponentContainer.h">
      <Filter>Utilities</Filter>
    </ClInclude>
    <ClInclude Include="ComponentFilter.h">
      <Filter>Utilities</Filter>
    </ClInclude>
    <ClInclude Include="EntityTypes.h">
      <Filter>Utilities</Filter>
    </ClInclude>
    <ClInclude Include="TypeID.h">
      <Filter>Utilities</Filter>
    </ClInclude>
    <ClInclude Include="EntityManager.h" />
    <ClInclude Include="TranslationComponent.h">
      <Filter>Components</Filter>
    </ClInclude>
    <ClInclude Include="RenderComponent.h">
      <Filter>Components</Filter>
    </ClInclude>
  </ItemGroup>
  <ItemGroup>
    <ClCompile Include="BaseSystem.cpp">
      <Filter>Systems</Filter>
    </ClCompile>
    <ClCompile Include="RenderSystem.cpp">
      <Filter>Systems</Filter>
    </ClCompile>
    <ClCompile Include="ComponentContainer.cpp">
      <Filter>Utilities</Filter>
    </ClCompile>
    <ClCompile Include="EntityManager.cpp" />
  </ItemGroup>
</Project>