<?xml version="1.0" encoding="utf-8"?>
<Project ToolsVersion="4.0" xmlns="http://schemas.microsoft.com/developer/msbuild/2003">
  <ItemGroup>
    <Filter Include="Systems">
      <UniqueIdentifier>{705e3606-2cc4-4a0a-a37e-b660ee3bd1eb}</UniqueIdentifier>
    </Filter>
    <Filter Include="Components">
      <UniqueIdentifier>{3879e4a7-4a78-496f-bf55-9c5cf9481e99}</UniqueIdentifier>
    </Filter>
    <Filter Include="Utilities">
      <UniqueIdentifier>{34782cee-ad05-46d1-93be-40f2c33b4e48}</UniqueIdentifier>
    </Filter>
  </ItemGroup>
  <ItemGroup>
    <ClInclude Include="RenderSystem.h">
      <Filter>Systems</Filter>
    </ClInclude>
    <ClInclude Include="BaseSystem.h">
      <Filter>Systems</Filter>
    </ClInclude>
    <ClInclude Include="BaseComponent.h">
      <Filter>Components</Filter>
    </ClInclude>
    <ClInclude Include="ComponentContainer.h">
      <Filter>Utilities</Filter>
    </ClInclude>
    <ClInclude Include="ComponentFilter.h">
      <Filter>Utilities</Filter>
    </ClInclude>
    <ClInclude Include="EntityTypes.h">
      <Filter>Utilities</Filter>
    </ClInclude>
    <ClInclude Include="TypeID.h">
      <Filter>Utilities</Filter>
    </ClInclude>
    <ClInclude Include="EntityManager.h" />
    <ClInclude Include="TranslationComponent.h">
      <Filter>Components</Filter>
    </ClInclude>
    <ClInclude Include="RenderComponent.h">
      <Filter>Components</Filter>
    </ClInclude>
    <ClInclude Include="PhysicsComponent.h">
      <Filter>Components</Filter>
    </ClInclude>
    <ClInclude Include="PhysicsSystem.h">
      <Filter>Systems</Filter>
    </ClInclude>
    <ClInclude Include="LightComponent.h">
      <Filter>Components</Filter>
    </ClInclude>
    <ClInclude Include="LightSystem.h">
      <Filter>Systems</Filter>
    </ClInclude>
    <ClInclude Include="ControllerComponent.h">
      <Filter>Components</Filter>
    </ClInclude>
    <ClInclude Include="NetworkComponent.h">
      <Filter>Components</Filter>
    </ClInclude>
    <ClInclude Include="AIComponent.h">
      <Filter>Components</Filter>
    </ClInclude>
    <ClInclude Include="InputComponent.h">
      <Filter>Components</Filter>
    </ClInclude>
    <ClInclude Include="NetworkSystem.h">
      <Filter>Systems</Filter>
    </ClInclude>
    <ClInclude Include="InputSystem.h">
      <Filter>Systems</Filter>
    </ClInclude>
    <ClInclude Include="AISystem.h">
      <Filter>Systems</Filter>
    </ClInclude>
    <ClInclude Include="CameraSystem.h">
      <Filter>Systems</Filter>
    </ClInclude>
    <ClInclude Include="CameraComponent.h">
      <Filter>Components</Filter>
    </ClInclude>
    <ClInclude Include="AABBComponent.h">
      <Filter>Components</Filter>
    </ClInclude>
    <ClInclude Include="DebugComponent.h">
      <Filter>Components</Filter>
    </ClInclude>
  </ItemGroup>
  <ItemGroup>
    <ClCompile Include="BaseSystem.cpp">
      <Filter>Systems</Filter>
    </ClCompile>
    <ClCompile Include="RenderSystem.cpp">
      <Filter>Systems</Filter>
    </ClCompile>
    <ClCompile Include="ComponentContainer.cpp">
      <Filter>Utilities</Filter>
    </ClCompile>
    <ClCompile Include="EntityManager.cpp" />
    <ClCompile Include="BaseComponent.cpp">
      <Filter>Components</Filter>
    </ClCompile>
    <ClCompile Include="PhysicsComponent.cpp">
      <Filter>Components</Filter>
    </ClCompile>
    <ClCompile Include="RenderComponent.cpp">
      <Filter>Components</Filter>
    </ClCompile>
    <ClCompile Include="TranslationComponent.cpp">
      <Filter>Components</Filter>
    </ClCompile>
    <ClCompile Include="PhysicsSystem.cpp">
      <Filter>Systems</Filter>
    </ClCompile>
    <ClCompile Include="LightComponent.cpp">
      <Filter>Components</Filter>
    </ClCompile>
    <ClCompile Include="LightSystem.cpp">
      <Filter>Systems</Filter>
    </ClCompile>
    <ClCompile Include="NetworkSystem.cpp">
      <Filter>Systems</Filter>
    </ClCompile>
    <ClCompile Include="InputSystem.cpp">
      <Filter>Systems</Filter>
    </ClCompile>
    <ClCompile Include="AISystem.cpp">
      <Filter>Systems</Filter>
    </ClCompile>
    <ClCompile Include="CameraSystem.cpp">
      <Filter>Systems</Filter>
    </ClCompile>
  </ItemGroup>
</Project>