
Microsoft Visual Studio Solution File, Format Version 12.00
# Visual Studio 2013
VisualStudioVersion = 12.0.30723.0
MinimumVisualStudioVersion = 10.0.40219.1
Project("{8BC9CEB8-8B4A-11D0-8D11-00A0C91BC942}") = "App", "App\App.vcxproj", "{D2FE0854-753B-4B13-9354-356285D13AF7}"
EndProject
Project("{8BC9CEB8-8B4A-11D0-8D11-00A0C91BC942}") = "CommonUtilities", "Common Utilities\CommonUtilities.vcxproj", "{07ECCCD7-FA3D-472F-B823-A4C9DEE2FB81}"
EndProject
Project("{8BC9CEB8-8B4A-11D0-8D11-00A0C91BC942}") = "Executeable", "Executeable\Executeable.vcxproj", "{428CC39D-3E02-4D4F-9B79-F78609C4CFFB}"
EndProject
Project("{8BC9CEB8-8B4A-11D0-8D11-00A0C91BC942}") = "AudioEngine", "AudioEngine\AudioEngine.vcxproj", "{A32FFE17-494D-4944-86F2-F7727443C3ED}"
EndProject
Project("{8BC9CEB8-8B4A-11D0-8D11-00A0C91BC942}") = "DL_Debug", "DL_Debug\DL_Debug.vcxproj", "{D924F659-A78C-4B48-A76E-49600A883990}"
EndProject
Project("{8BC9CEB8-8B4A-11D0-8D11-00A0C91BC942}") = "Input", "Input\Input.vcxproj", "{BD22FF31-48A5-4061-AB37-17E68E058912}"
EndProject
Project("{8BC9CEB8-8B4A-11D0-8D11-00A0C91BC942}") = "TimeManager", "TimeManager\TimeManager.vcxproj", "{0D422FB1-7741-43F6-8A6D-BA7FAF78C619}"
EndProject
Project("{8BC9CEB8-8B4A-11D0-8D11-00A0C91BC942}") = "Renderer", "Renderer\Renderer.vcxproj", "{9C64B22A-EC34-442A-9A09-72B22E5E559D}"
EndProject
Global
	GlobalSection(SolutionConfigurationPlatforms) = preSolution
		Debug|Win32 = Debug|Win32
		Release|Win32 = Release|Win32
	EndGlobalSection
	GlobalSection(ProjectConfigurationPlatforms) = postSolution
		{D2FE0854-753B-4B13-9354-356285D13AF7}.Debug|Win32.ActiveCfg = Debug|Win32
		{D2FE0854-753B-4B13-9354-356285D13AF7}.Debug|Win32.Build.0 = Debug|Win32
		{D2FE0854-753B-4B13-9354-356285D13AF7}.Release|Win32.ActiveCfg = Release|Win32
		{D2FE0854-753B-4B13-9354-356285D13AF7}.Release|Win32.Build.0 = Release|Win32
		{07ECCCD7-FA3D-472F-B823-A4C9DEE2FB81}.Debug|Win32.ActiveCfg = Debug|Win32
		{07ECCCD7-FA3D-472F-B823-A4C9DEE2FB81}.Debug|Win32.Build.0 = Debug|Win32
		{07ECCCD7-FA3D-472F-B823-A4C9DEE2FB81}.Release|Win32.ActiveCfg = Release|Win32
		{07ECCCD7-FA3D-472F-B823-A4C9DEE2FB81}.Release|Win32.Build.0 = Release|Win32
		{428CC39D-3E02-4D4F-9B79-F78609C4CFFB}.Debug|Win32.ActiveCfg = Debug|Win32
		{428CC39D-3E02-4D4F-9B79-F78609C4CFFB}.Debug|Win32.Build.0 = Debug|Win32
		{428CC39D-3E02-4D4F-9B79-F78609C4CFFB}.Release|Win32.ActiveCfg = Release|Win32
		{428CC39D-3E02-4D4F-9B79-F78609C4CFFB}.Release|Win32.Build.0 = Release|Win32
		{A32FFE17-494D-4944-86F2-F7727443C3ED}.Debug|Win32.ActiveCfg = Debug|Win32
		{A32FFE17-494D-4944-86F2-F7727443C3ED}.Debug|Win32.Build.0 = Debug|Win32
		{A32FFE17-494D-4944-86F2-F7727443C3ED}.Release|Win32.ActiveCfg = Release|Win32
		{A32FFE17-494D-4944-86F2-F7727443C3ED}.Release|Win32.Build.0 = Release|Win32
		{D924F659-A78C-4B48-A76E-49600A883990}.Debug|Win32.ActiveCfg = Debug|Win32
		{D924F659-A78C-4B48-A76E-49600A883990}.Debug|Win32.Build.0 = Debug|Win32
		{D924F659-A78C-4B48-A76E-49600A883990}.Release|Win32.ActiveCfg = Release|Win32
		{D924F659-A78C-4B48-A76E-49600A883990}.Release|Win32.Build.0 = Release|Win32
		{BD22FF31-48A5-4061-AB37-17E68E058912}.Debug|Win32.ActiveCfg = Debug|Win32
		{BD22FF31-48A5-4061-AB37-17E68E058912}.Debug|Win32.Build.0 = Debug|Win32
		{BD22FF31-48A5-4061-AB37-17E68E058912}.Release|Win32.ActiveCfg = Release|Win32
		{BD22FF31-48A5-4061-AB37-17E68E058912}.Release|Win32.Build.0 = Release|Win32
		{0D422FB1-7741-43F6-8A6D-BA7FAF78C619}.Debug|Win32.ActiveCfg = Debug|Win32
		{0D422FB1-7741-43F6-8A6D-BA7FAF78C619}.Debug|Win32.Build.0 = Debug|Win32
		{0D422FB1-7741-43F6-8A6D-BA7FAF78C619}.Release|Win32.ActiveCfg = Release|Win32
		{0D422FB1-7741-43F6-8A6D-BA7FAF78C619}.Release|Win32.Build.0 = Release|Win32
		{9C64B22A-EC34-442A-9A09-72B22E5E559D}.Debug|Win32.ActiveCfg = Debug|Win32
		{9C64B22A-EC34-442A-9A09-72B22E5E559D}.Debug|Win32.Build.0 = Debug|Win32
		{9C64B22A-EC34-442A-9A09-72B22E5E559D}.Release|Win32.ActiveCfg = Release|Win32
		{9C64B22A-EC34-442A-9A09-72B22E5E559D}.Release|Win32.Build.0 = Release|Win32
	EndGlobalSection
	GlobalSection(SolutionProperties) = preSolution
		HideSolutionNode = FALSE
	EndGlobalSection
EndGlobal
